# This file is generated by running "yarn install" inside your project.
# Manual changes might be lost - proceed with caution!

__metadata:
  version: 8
  cacheKey: 10c0

"@cspell/cspell-bundled-dicts@npm:8.15.3":
  version: 8.15.3
  resolution: "@cspell/cspell-bundled-dicts@npm:8.15.3"
  dependencies:
    "@cspell/dict-ada": "npm:^4.0.5"
    "@cspell/dict-aws": "npm:^4.0.7"
    "@cspell/dict-bash": "npm:^4.1.8"
    "@cspell/dict-companies": "npm:^3.1.7"
    "@cspell/dict-cpp": "npm:^5.1.22"
    "@cspell/dict-cryptocurrencies": "npm:^5.0.3"
    "@cspell/dict-csharp": "npm:^4.0.5"
    "@cspell/dict-css": "npm:^4.0.16"
    "@cspell/dict-dart": "npm:^2.2.4"
    "@cspell/dict-django": "npm:^4.1.3"
    "@cspell/dict-docker": "npm:^1.1.10"
    "@cspell/dict-dotnet": "npm:^5.0.8"
    "@cspell/dict-elixir": "npm:^4.0.6"
    "@cspell/dict-en-common-misspellings": "npm:^2.0.7"
    "@cspell/dict-en-gb": "npm:1.1.33"
    "@cspell/dict-en_us": "npm:^4.3.26"
    "@cspell/dict-filetypes": "npm:^3.0.7"
    "@cspell/dict-flutter": "npm:^1.0.3"
    "@cspell/dict-fonts": "npm:^4.0.3"
    "@cspell/dict-fsharp": "npm:^1.0.4"
    "@cspell/dict-fullstack": "npm:^3.2.3"
    "@cspell/dict-gaming-terms": "npm:^1.0.8"
    "@cspell/dict-git": "npm:^3.0.3"
    "@cspell/dict-golang": "npm:^6.0.16"
    "@cspell/dict-google": "npm:^1.0.4"
    "@cspell/dict-haskell": "npm:^4.0.4"
    "@cspell/dict-html": "npm:^4.0.9"
    "@cspell/dict-html-symbol-entities": "npm:^4.0.3"
    "@cspell/dict-java": "npm:^5.0.10"
    "@cspell/dict-julia": "npm:^1.0.4"
    "@cspell/dict-k8s": "npm:^1.0.9"
    "@cspell/dict-latex": "npm:^4.0.3"
    "@cspell/dict-lorem-ipsum": "npm:^4.0.3"
    "@cspell/dict-lua": "npm:^4.0.6"
    "@cspell/dict-makefile": "npm:^1.0.3"
    "@cspell/dict-monkeyc": "npm:^1.0.9"
    "@cspell/dict-node": "npm:^5.0.4"
    "@cspell/dict-npm": "npm:^5.1.8"
    "@cspell/dict-php": "npm:^4.0.13"
    "@cspell/dict-powershell": "npm:^5.0.13"
    "@cspell/dict-public-licenses": "npm:^2.0.11"
    "@cspell/dict-python": "npm:^4.2.11"
    "@cspell/dict-r": "npm:^2.0.4"
    "@cspell/dict-ruby": "npm:^5.0.7"
    "@cspell/dict-rust": "npm:^4.0.9"
    "@cspell/dict-scala": "npm:^5.0.6"
    "@cspell/dict-software-terms": "npm:^4.1.10"
    "@cspell/dict-sql": "npm:^2.1.8"
    "@cspell/dict-svelte": "npm:^1.0.5"
    "@cspell/dict-swift": "npm:^2.0.4"
    "@cspell/dict-terraform": "npm:^1.0.5"
    "@cspell/dict-typescript": "npm:^3.1.9"
    "@cspell/dict-vue": "npm:^3.0.3"
  checksum: 10c0/51e02c90bdc30d73553cfb5f1a5198a34eb4c721d65ad538df09a59607b77806e79623fd2445ca22862dc0ac639a764a203ee974dfe6166a95490f528ed18aff
  languageName: node
  linkType: hard

"@cspell/cspell-json-reporter@npm:8.15.3":
  version: 8.15.3
  resolution: "@cspell/cspell-json-reporter@npm:8.15.3"
  dependencies:
    "@cspell/cspell-types": "npm:8.15.3"
  checksum: 10c0/5a918b24448814d4edb32d3cc3049fb44f97793f16d07b2e6198d319d7565f4a22e8f63c9886ee3dcdfecd05ea5259e98b3b96b7fb2de9eb843e82650f82486c
  languageName: node
  linkType: hard

"@cspell/cspell-pipe@npm:8.15.3":
  version: 8.15.3
  resolution: "@cspell/cspell-pipe@npm:8.15.3"
  checksum: 10c0/a29c1a639c10fc027b947981d6f2842da75069db40cf9683c79f82dafc6460758f62bb3f770096aa0c53c23b4d66e2f17c724441d22c5c1a6aba354fe56eca9a
  languageName: node
  linkType: hard

"@cspell/cspell-resolver@npm:8.15.3":
  version: 8.15.3
  resolution: "@cspell/cspell-resolver@npm:8.15.3"
  dependencies:
    global-directory: "npm:^4.0.1"
  checksum: 10c0/e3b3dcf8c6273fb361ae38286dfa1ea63681b0aaece3013a8e9aec287bd9524af600ec19f123e07af59742407a4aec3ac728eef6858a25b1f0ab2e3317a272cb
  languageName: node
  linkType: hard

"@cspell/cspell-service-bus@npm:8.15.3":
  version: 8.15.3
  resolution: "@cspell/cspell-service-bus@npm:8.15.3"
  checksum: 10c0/128bf014f026c1ad66456a98ffddf76774a3ffb273e5203eec9062d758e5ecf747e34194cc68d8b2a22d738e1b96cb28fef30ae2e9c9672323f025e5a8ccd599
  languageName: node
  linkType: hard

"@cspell/cspell-types@npm:8.15.3":
  version: 8.15.3
  resolution: "@cspell/cspell-types@npm:8.15.3"
  checksum: 10c0/3471305723226ccf6aaf28456976e6a9f81064edb724e81ce376890527af5a10fc88d850f596c4676aed784f57f2fb264043a0beead24676c68a49595a045b3a
  languageName: node
  linkType: hard

"@cspell/dict-ada@npm:^4.0.5":
  version: 4.0.5
  resolution: "@cspell/dict-ada@npm:4.0.5"
  checksum: 10c0/eac1a1852bc71131ac96ce70a3857cb97b0c2f28036a56badbd51b4d2f5c03eb53e85e2d91ced74a9b77898ff478ef27099cc8f452166304f7a475bf672bc710
  languageName: node
  linkType: hard

"@cspell/dict-aws@npm:^4.0.7":
  version: 4.0.7
  resolution: "@cspell/dict-aws@npm:4.0.7"
  checksum: 10c0/6d736b25c99a6ba270c857bbf478af20a744632b7559223a6b49d5f10dfdaddd08a05cf5e5e65fc8c42fbe5e1d1d302a0068e778479352a4dff368b54986b023
  languageName: node
  linkType: hard

"@cspell/dict-bash@npm:^4.1.8":
  version: 4.1.8
  resolution: "@cspell/dict-bash@npm:4.1.8"
  checksum: 10c0/5b111fbc365123dd003d9781b1de5e06cf33edbec6c203361cb749f3206bbca9207367191f0d405c1feb00225315b804510698d39c2e02cf7b8f049b4a9e3815
  languageName: node
  linkType: hard

"@cspell/dict-companies@npm:^3.1.7":
  version: 3.1.7
  resolution: "@cspell/dict-companies@npm:3.1.7"
  checksum: 10c0/edb92c7e25ea46f24f0d8b657304878d16bd808cd21a90a3338ade7e78705d7aa677d49c7650d54e88d4ce8d726b4f003324ea8827397a480173b9817f69d3cf
  languageName: node
  linkType: hard

"@cspell/dict-cpp@npm:^5.1.22":
  version: 5.1.22
  resolution: "@cspell/dict-cpp@npm:5.1.22"
  checksum: 10c0/68d1369a3ddb82abe34d18776e853ef42c095140e1555aec408013ced5ceceff5a7b5c025b1e9cbf5c753961f2cb26fc6ffe8c7b0e5a5fa3a1ba6e412be639f2
  languageName: node
  linkType: hard

"@cspell/dict-cryptocurrencies@npm:^5.0.3":
  version: 5.0.3
  resolution: "@cspell/dict-cryptocurrencies@npm:5.0.3"
  checksum: 10c0/e150a791f477b0c8a9ed6bb806f4dec90e6ee3d026307fdd4535ab01294fedf1a44ed29f52cb7662e79cb25847b16753d52d573bdf7c97c3b8393de18a82a615
  languageName: node
  linkType: hard

"@cspell/dict-csharp@npm:^4.0.5":
  version: 4.0.5
  resolution: "@cspell/dict-csharp@npm:4.0.5"
  checksum: 10c0/444b11f206cb3beea6fadd74f54b2ade7c51320373cf6d45a502bb4c2213f62f9bd766938f7d317afc18299cfc2f592777b30ef8166c49202ef97ad0e1c64dba
  languageName: node
  linkType: hard

"@cspell/dict-css@npm:^4.0.16":
  version: 4.0.16
  resolution: "@cspell/dict-css@npm:4.0.16"
  checksum: 10c0/f75b58153f780f2e2ab16eb0a032823d30f323b8651c5ee532212de27d89fc28c00b629aa13b9dba5c780a4a533b9f783e6e3cc8acfb0c2030981920986622d7
  languageName: node
  linkType: hard

"@cspell/dict-dart@npm:^2.2.4":
  version: 2.2.4
  resolution: "@cspell/dict-dart@npm:2.2.4"
  checksum: 10c0/b7b6b00f330c24aa28a28596da19a3013a8170ade143124b3b92950d1890267d31d2b8375ddb84801e399b9530b79627f57594c64b7253601c8e97501af900a4
  languageName: node
  linkType: hard

"@cspell/dict-data-science@npm:^2.0.5":
  version: 2.0.5
  resolution: "@cspell/dict-data-science@npm:2.0.5"
  checksum: 10c0/06241df1c687b61fa3843825baf45509027100ed870f15f42f2880525a67f2c70617323ff2710a28fa40a4189165e610ee5831a3f618729cdf95bc543399b984
  languageName: node
  linkType: hard

"@cspell/dict-django@npm:^4.1.3":
  version: 4.1.3
  resolution: "@cspell/dict-django@npm:4.1.3"
  checksum: 10c0/b97c376b6f4cb013c1aa356a97930969fc371005214c5a492bf82c298e28a665ae452031b673cc7c79132562c10cd191cb611a06f8f78eee744165cd5c091835
  languageName: node
  linkType: hard

"@cspell/dict-docker@npm:^1.1.10":
  version: 1.1.11
  resolution: "@cspell/dict-docker@npm:1.1.11"
  checksum: 10c0/d9f73b8924c116879417cb0820733aa83d16d553e7f3ef5dcbc56ed54b212c20b62ab1b41d4119c2337f06b1458cf2655169d7fdda9b68f8d83bee7a2db17fc0
  languageName: node
  linkType: hard

"@cspell/dict-dotnet@npm:^5.0.8":
  version: 5.0.8
  resolution: "@cspell/dict-dotnet@npm:5.0.8"
  checksum: 10c0/436b8df241b2083430681820d00a1d5ee66ef707835b23f1ff7121636e66985a19b2352fb98ec4e64236ba88685ed41d5b9ec5ce891758eb79b6d1686035add4
  languageName: node
  linkType: hard

"@cspell/dict-elixir@npm:^4.0.6":
  version: 4.0.6
  resolution: "@cspell/dict-elixir@npm:4.0.6"
  checksum: 10c0/d321a0b224829bad3f463e8f58104519a885b71023bc00bc2f9168e72a0b7a8c33369e3bf3afeead9137d73cff9275277c4c79419a9be0bf29227e5543514038
  languageName: node
  linkType: hard

"@cspell/dict-en-common-misspellings@npm:^2.0.7":
  version: 2.0.7
  resolution: "@cspell/dict-en-common-misspellings@npm:2.0.7"
  checksum: 10c0/d865d80ea170cecb4699c9973f6735d3c9f80d1b1337da6eb7d211d09bbd0774d4deec3b5802e7ef0101a0fcc5fb2121c4264cb2f2f0f7ebdc30e9bc527d7bbc
  languageName: node
  linkType: hard

"@cspell/dict-en-gb@npm:1.1.33":
  version: 1.1.33
  resolution: "@cspell/dict-en-gb@npm:1.1.33"
  checksum: 10c0/09563d1016f652dc8164a5f692be49beb78a847a54d5e470d406ae4db125bf8021db75d3db63f7a0c1d1b7a5dfbec4b709fb2ff3520447dcad690adb98d74130
  languageName: node
  linkType: hard

"@cspell/dict-en_us@npm:^4.3.26":
  version: 4.3.26
  resolution: "@cspell/dict-en_us@npm:4.3.26"
  checksum: 10c0/67a321890756d3877714ae50cbb4737f3797a8e12267c86d81a35d3addab3304bd9072b3bd9749699e6625fa258e56ff326f35ace81f33333482c3455af38317
  languageName: node
  linkType: hard

"@cspell/dict-filetypes@npm:^3.0.7":
  version: 3.0.7
  resolution: "@cspell/dict-filetypes@npm:3.0.7"
  checksum: 10c0/62702031db00f82b0fd2a43fb09caee1fe891dcae265f9a23fda43436da9b6c943a7f5c44ac479a21381a6adf27e66cfa0d85ac6efd9cd95197051c80647fb34
  languageName: node
  linkType: hard

"@cspell/dict-flutter@npm:^1.0.3":
  version: 1.0.3
  resolution: "@cspell/dict-flutter@npm:1.0.3"
  checksum: 10c0/9e77406e03f7b3eea37efc54f16b33b8c4823ec1b6fb9462ae34c4665abbf5b7a1c351c475e927b0ca70963882eb97f9a206572be1de2ca80208f3fddca32197
  languageName: node
  linkType: hard

"@cspell/dict-fonts@npm:^4.0.3":
  version: 4.0.3
  resolution: "@cspell/dict-fonts@npm:4.0.3"
  checksum: 10c0/6415cb21a5d940d4aedf7b557f866394a280a9bbfabcd466151be74f57758e0a95d3a1f7929b1a148d11eccbd34549809ec83e9f599966ff54c97b46ea309ebe
  languageName: node
  linkType: hard

"@cspell/dict-fsharp@npm:^1.0.4":
  version: 1.0.4
  resolution: "@cspell/dict-fsharp@npm:1.0.4"
  checksum: 10c0/6af0bff9b4ffface5c6fcf5564fa919a09e8b4152b1b00c11d51522455f4699aa66f95e2a096e4614cc8e2e99e161434d6c5430b9dbd9d9bd50aba6a9a4a6239
  languageName: node
  linkType: hard

"@cspell/dict-fullstack@npm:^3.2.3":
  version: 3.2.3
  resolution: "@cspell/dict-fullstack@npm:3.2.3"
  checksum: 10c0/e3c461cdb7ab20143ce33bdfdb39da9bb737123b55656a172434224e73cb14638718433113222ea72521a3af7ae0454a4d70d7c3bbf4432e4ecf3e0eed045fe5
  languageName: node
  linkType: hard

"@cspell/dict-gaming-terms@npm:^1.0.8":
  version: 1.0.8
  resolution: "@cspell/dict-gaming-terms@npm:1.0.8"
  checksum: 10c0/7617d5278021598dd65cd2be68c0a22144a02888a82bf4ba8c7e49fec2ba6d22fb185d50b3f187bb40abaa2881f9e585f185b0539889684d5d49aa65f533ae09
  languageName: node
  linkType: hard

"@cspell/dict-git@npm:^3.0.3":
  version: 3.0.3
  resolution: "@cspell/dict-git@npm:3.0.3"
  checksum: 10c0/63511720f621dc90a946585597c8c9e75bae4971c163e1c31a9fc2e34fbd3af4ad0ab9042e0b8a3eef4971cbcf78d4f6057fe4c799a93c0879219944bd730c8e
  languageName: node
  linkType: hard

"@cspell/dict-golang@npm:^6.0.16":
  version: 6.0.16
  resolution: "@cspell/dict-golang@npm:6.0.16"
  checksum: 10c0/e0b4063693dbd58d12c039160368a5ccb8f603fc08d503f7952bb2991fccb19ba5f99e38aeb9e44093648b1724b763849bbd838fa5e95f89453a3e004b4bb77b
  languageName: node
  linkType: hard

"@cspell/dict-google@npm:^1.0.4":
  version: 1.0.4
  resolution: "@cspell/dict-google@npm:1.0.4"
  checksum: 10c0/2af215e6632e3b93869e054a3a24084bcbf6b4bc7eff0ff9ca631d8f93699f89902f588ec83ada97811362085e88fba2b12f3300d41ca457cd5584e0e37573bd
  languageName: node
  linkType: hard

"@cspell/dict-haskell@npm:^4.0.4":
  version: 4.0.4
  resolution: "@cspell/dict-haskell@npm:4.0.4"
  checksum: 10c0/257b59f2fb9e931fadf5409386037cadd44304ed2606ffaf21d50576fcf0bc839fce1b2e59d07833de82e87e3013be48ecc87fb4a56be199f5070cd92ad943ef
  languageName: node
  linkType: hard

"@cspell/dict-html-symbol-entities@npm:^4.0.3":
  version: 4.0.3
  resolution: "@cspell/dict-html-symbol-entities@npm:4.0.3"
  checksum: 10c0/d7fbffb484b4d826890c873792ac383892ed2013c6e7436fc1223a181ef3b11bf98d33f2faa50dba1461853eebf6006451ff853caf8fa1948dca4f228b9248ca
  languageName: node
  linkType: hard

"@cspell/dict-html@npm:^4.0.9":
  version: 4.0.9
  resolution: "@cspell/dict-html@npm:4.0.9"
  checksum: 10c0/b34300e68e923c5e2c80985a7cc2fe53b6b018d1d44fb4f3bdee74966135914dd488f8ae8a317ea0672169ab16a812560316c1208c55763693039ee99061bb56
  languageName: node
  linkType: hard

"@cspell/dict-java@npm:^5.0.10":
  version: 5.0.10
  resolution: "@cspell/dict-java@npm:5.0.10"
  checksum: 10c0/5e3113559154c2069466a6d7b3bc9c95708ab26ac025ca8f86645f5bbf492d89b369c6dc73a53d4b672f7f6141b646a970d6abdbd04c8b0e47c4689b5587edd5
  languageName: node
  linkType: hard

"@cspell/dict-julia@npm:^1.0.4":
  version: 1.0.4
  resolution: "@cspell/dict-julia@npm:1.0.4"
  checksum: 10c0/abd10732352d1d53a929c546e78f87afc745f4351add328b0e1bf093905b8083dc76fa29ba9ce3d29b893e96fdc44ed04b0418331430b4731fbb249debb10403
  languageName: node
  linkType: hard

"@cspell/dict-k8s@npm:^1.0.9":
  version: 1.0.9
  resolution: "@cspell/dict-k8s@npm:1.0.9"
  checksum: 10c0/66298e07977f1950114ed457f755d3be8faeb5ce6d70677ca60d144b9fb1a6f7e67c1d2b3ffa71232499a6100fd0c83c77c03baa220d99b0be2ac31e150b45db
  languageName: node
  linkType: hard

"@cspell/dict-latex@npm:^4.0.3":
  version: 4.0.3
  resolution: "@cspell/dict-latex@npm:4.0.3"
  checksum: 10c0/bba028fb61a38e48615f865f7cbeab4bf9d84f3305cb9828321b4d2ed2b592555a30aef0db9188273acabc0c88d7e8c04e72a30b2364c3c7c6fbf3b0fbc4a6ec
  languageName: node
  linkType: hard

"@cspell/dict-lorem-ipsum@npm:^4.0.3":
  version: 4.0.3
  resolution: "@cspell/dict-lorem-ipsum@npm:4.0.3"
  checksum: 10c0/4c7682bb442e27894527c21265268ad7786dc4d087e0fae6c6c88a6483e93b07e0f26d59ef6a6bd836a5c92c3af6878914b2f98cad100ff244f0fd484ba03644
  languageName: node
  linkType: hard

"@cspell/dict-lua@npm:^4.0.6":
  version: 4.0.6
  resolution: "@cspell/dict-lua@npm:4.0.6"
  checksum: 10c0/8fb550f3c7762ff1e3215cb1a4677b43a59a463c99eae5ac7eddf360269ec4d2abbc1cbcb4933df52eea026a65e681d62934c60bb92d0791640be81b5cbdc51c
  languageName: node
  linkType: hard

"@cspell/dict-makefile@npm:^1.0.3":
  version: 1.0.3
  resolution: "@cspell/dict-makefile@npm:1.0.3"
  checksum: 10c0/22576eca594afd4e8680e00d56d42a4298501f4a24e1999f150de8f3d85afe21698fa2cdcdd9b49a979b39bda7ebe364f57a818225312e39bddc92a760d61c78
  languageName: node
  linkType: hard

"@cspell/dict-monkeyc@npm:^1.0.9":
  version: 1.0.9
  resolution: "@cspell/dict-monkeyc@npm:1.0.9"
  checksum: 10c0/1ba425768363afeefa777ef0886dc421b2f47496794567473fc02a1453410638a6e340a1b06f67e63a6fc00b0e6253bf6c74d4bf11d8cd630ceecedf11c55aad
  languageName: node
  linkType: hard

"@cspell/dict-node@npm:^5.0.4":
  version: 5.0.4
  resolution: "@cspell/dict-node@npm:5.0.4"
  checksum: 10c0/ff4de205a591dce83256b93266b89214eb8d4de073abcdc8c7d2dbb423e2c9471b4cc864e8e6614c62cbec4a7736c78582c6c635d086ef1ee9bd21b080a4069f
  languageName: node
  linkType: hard

"@cspell/dict-npm@npm:^5.1.8":
  version: 5.1.8
  resolution: "@cspell/dict-npm@npm:5.1.8"
  checksum: 10c0/1076eb0ba4d3fe085c84b356b3c11cf7cdfec14417dc96ba2730ed0a6e7499b506a936510d04ed431a013f1ba3efbb716f9d9ffe185211de9f27c97a6f0c1026
  languageName: node
  linkType: hard

"@cspell/dict-php@npm:^4.0.13":
  version: 4.0.13
  resolution: "@cspell/dict-php@npm:4.0.13"
  checksum: 10c0/2d2ee84a4b102290206c1f5ab710efb547b3c4d2be0f231930fe3323a5d846843ecfee5684c656ca90ee3ebff649af19d6022fbbe9bf304fddb77b353aed1ffa
  languageName: node
  linkType: hard

"@cspell/dict-powershell@npm:^5.0.13":
  version: 5.0.13
  resolution: "@cspell/dict-powershell@npm:5.0.13"
  checksum: 10c0/8b731e720da9963f2ea2a10bf4560a4db41f9bd9dc4cd2de0bc9fb5f2b69e18e5a89d6f3b7cd8836d9b7adf11376634fd6a25792f8edab237ff82b3d1f624aec
  languageName: node
  linkType: hard

"@cspell/dict-public-licenses@npm:^2.0.11":
  version: 2.0.11
  resolution: "@cspell/dict-public-licenses@npm:2.0.11"
  checksum: 10c0/81fefcd0f425c5a354f3bcdfa635eba4dcb0a0c42c61fa379b2318510d080f619aaa01c5ea249b58a63462af83c9b6a5bbd5b259b0f9807a70d02723f4af20fa
  languageName: node
  linkType: hard

"@cspell/dict-python@npm:^4.2.11":
  version: 4.2.12
  resolution: "@cspell/dict-python@npm:4.2.12"
  dependencies:
    "@cspell/dict-data-science": "npm:^2.0.5"
  checksum: 10c0/930f7f10eb89c56994d5e8d891d55950331c010e5f0d5dec03383a0d001078df646b44b003014504aba827dda8a1ff564902186586dc6e9ffc9637fa70b8a5bd
  languageName: node
  linkType: hard

"@cspell/dict-r@npm:^2.0.4":
  version: 2.0.4
  resolution: "@cspell/dict-r@npm:2.0.4"
  checksum: 10c0/3f5d2fdb41f058be4eb21a79b19f0c1f033e501ecfd30e43f5c3dd810235b9837c0cac1b5e2dc087845fd3db9e2d33e4ab31dd22b89c861d98d011e0cb33eb05
  languageName: node
  linkType: hard

"@cspell/dict-ruby@npm:^5.0.7":
  version: 5.0.7
  resolution: "@cspell/dict-ruby@npm:5.0.7"
  checksum: 10c0/84ae8331467911d687f9c145a0cc310f06e9bae0c2abc872cfc2d890abe0fe9c53a7f6ea7d3f5de546ffcc715b2b8c63dcfe30e5d58a9eea910d307dad335b55
  languageName: node
  linkType: hard

"@cspell/dict-rust@npm:^4.0.9":
  version: 4.0.9
  resolution: "@cspell/dict-rust@npm:4.0.9"
  checksum: 10c0/969b97b52af508ac55989510486a58b4f6b0e652a04f8deb486b3356e94adb186255bba45d83227db778dad396e77230504814331a3a79cf3a5ab578d4e50133
  languageName: node
  linkType: hard

"@cspell/dict-scala@npm:^5.0.6":
  version: 5.0.6
  resolution: "@cspell/dict-scala@npm:5.0.6"
  checksum: 10c0/5018e63ef1e0b640d229a7a22baaae1244bfaa7d5639365f92ef4b4acd0d44e315905259f5a9135dbabf172390eb89b43cc04cf94d4b3a54e4c2f79083af75d8
  languageName: node
  linkType: hard

"@cspell/dict-software-terms@npm:^4.1.10":
  version: 4.1.11
  resolution: "@cspell/dict-software-terms@npm:4.1.11"
  checksum: 10c0/91e98ed9683911bb84683f7e2a4906ed66c0dcdb74baa7172814bc6c7e2ed58f25bba0afc84dad0752b87a723ca9e7d19bcdd20b265ed25335a5989b1437fca6
  languageName: node
  linkType: hard

"@cspell/dict-sql@npm:^2.1.8":
  version: 2.1.8
  resolution: "@cspell/dict-sql@npm:2.1.8"
  checksum: 10c0/dad458146cba600716cc4990ed58a39ca1386049d85a66c0b484ba95c404743d650099b2e55ce11d472c7c183fd1e21519de6808f47a80aacb9db190d199e4b1
  languageName: node
  linkType: hard

"@cspell/dict-svelte@npm:^1.0.5":
  version: 1.0.5
  resolution: "@cspell/dict-svelte@npm:1.0.5"
  checksum: 10c0/9f482c333c304a465fa5ae6cdbb736f32b47ca57a68ad6f3429a79720aa54082553381130272d7bfad01207c186aa557e712c0c5904d5b8d9b8fdfdfa9a88438
  languageName: node
  linkType: hard

"@cspell/dict-swift@npm:^2.0.4":
  version: 2.0.4
  resolution: "@cspell/dict-swift@npm:2.0.4"
  checksum: 10c0/10ef516b54da3b7c5e4a69009d444faaf4986f32121050ef319e997b25a0d63f707de7027dad4d17303d86d9707fad044f5ffae25e96e9fbca3a6aea555eccd5
  languageName: node
  linkType: hard

"@cspell/dict-terraform@npm:^1.0.5":
  version: 1.0.5
  resolution: "@cspell/dict-terraform@npm:1.0.5"
  checksum: 10c0/e47b11ed9b6ff03a398857b9b07516e4a7a8f3c0d6913e2a597b75553210ae0f5fafe60d818cad061a8321312005c2d37e76a4f8eb7e1d814a4e4cb87abfbf81
  languageName: node
  linkType: hard

"@cspell/dict-typescript@npm:^3.1.9":
  version: 3.1.10
  resolution: "@cspell/dict-typescript@npm:3.1.10"
  checksum: 10c0/9787904adc257cedab90a296d1627cf06b0f8995ee2b5e865a0db82b27b7b599a610f9bc47f30cf4901b34e815ec45eba9cb3963320d774d0acfbd211fdc8c6b
  languageName: node
  linkType: hard

"@cspell/dict-vue@npm:^3.0.3":
  version: 3.0.3
  resolution: "@cspell/dict-vue@npm:3.0.3"
  checksum: 10c0/8b69413b5b5002cff8b1b2f8441accc14fdc1fca731ff30be66ba925e9cbbb4caf428c2a35327b756269fbe608db7d3ec0946f8017f8433ee508ead14147389f
  languageName: node
  linkType: hard

"@cspell/dynamic-import@npm:8.15.3":
  version: 8.15.3
  resolution: "@cspell/dynamic-import@npm:8.15.3"
  dependencies:
    import-meta-resolve: "npm:^4.1.0"
  checksum: 10c0/0c355c92990553ade7aa693e9c14d96d4f200a110384ea11b0aa6fd0820c36a7794882bc08d348e19907796a13bdaf8333a29ad928128673dddf092e1e060698
  languageName: node
  linkType: hard

"@cspell/filetypes@npm:8.15.3":
  version: 8.15.3
  resolution: "@cspell/filetypes@npm:8.15.3"
  checksum: 10c0/ec6262dbdcaeb9fbea9df0d4cc0559f05c94b023f430de85d6f499d79fe5d95eddb291b82b5f9eaa07d3a45d361fc69b5851d70819556e89c0070a38f9970a82
  languageName: node
  linkType: hard

"@cspell/strong-weak-map@npm:8.15.3":
  version: 8.15.3
  resolution: "@cspell/strong-weak-map@npm:8.15.3"
  checksum: 10c0/eff40cf063bb84d73770fcdd3b8ced5122032efbc815e863fcba8fad24c9854f92c24f94f91c08e9a6ca7ab0296fbf3d77cc837306d204f08101b9e058599e07
  languageName: node
  linkType: hard

"@cspell/url@npm:8.15.3":
  version: 8.15.3
  resolution: "@cspell/url@npm:8.15.3"
  checksum: 10c0/be76712c144e9fc57cbc99d402ac55501015c75de8522f1ec90e7ec7d396d72e886998d861df92b691d99f0347b691580d438aa8e1658278cb71fbb929519d48
  languageName: node
  linkType: hard

"@taplo/core@npm:^0.1.0":
  version: 0.1.1
  resolution: "@taplo/core@npm:0.1.1"
  checksum: 10c0/c36f761431b2e959742d8e186e74306fb8991d84589e2f03b6481244cc407275fa448a217ef87b8aa1e226615fd7ba85c60e6f0221f01d891b90dd30b45cb13b
  languageName: node
  linkType: hard

"@taplo/lib@npm:^0.4.0-alpha.2":
  version: 0.4.0-alpha.2
  resolution: "@taplo/lib@npm:0.4.0-alpha.2"
  dependencies:
    "@taplo/core": "npm:^0.1.0"
  checksum: 10c0/650ed35ba949054eb8dcfbaf77d6154d9639f5d8fa96d89546c399a95e699d7e01f65e308f89478d41e0120baa3572f25595fe088d19e62cc56ad3eb2b5acbb5
  languageName: node
  linkType: hard

"array-timsort@npm:^1.0.3":
  version: 1.0.3
  resolution: "array-timsort@npm:1.0.3"
  checksum: 10c0/bd3a1707b621947265c89867e67c9102b9b9f4c50f5b3974220112290d8b60d26ce60595edec5deed3325207b759d70b758bed3cd310b5ddadb835657ffb6d12
  languageName: node
  linkType: hard

"braces@npm:^3.0.3":
  version: 3.0.3
  resolution: "braces@npm:3.0.3"
  dependencies:
    fill-range: "npm:^7.1.1"
  checksum: 10c0/7c6dfd30c338d2997ba77500539227b9d1f85e388a5f43220865201e407e076783d0881f2d297b9f80951b4c957fcf0b51c1d2d24227631643c3f7c284b0aa04
  languageName: node
  linkType: hard

"callsites@npm:^3.0.0, callsites@npm:^3.1.0":
  version: 3.1.0
  resolution: "callsites@npm:3.1.0"
  checksum: 10c0/fff92277400eb06c3079f9e74f3af120db9f8ea03bad0e84d9aede54bbe2d44a56cccb5f6cf12211f93f52306df87077ecec5b712794c5a9b5dac6d615a3f301
  languageName: node
  linkType: hard

"chalk-template@npm:^1.1.0":
  version: 1.1.0
  resolution: "chalk-template@npm:1.1.0"
  dependencies:
    chalk: "npm:^5.2.0"
  checksum: 10c0/bb6eda6115a33d06828caf8c44f786c26e0d392c74c2bd6bb0f7526588b15664e3e7c0305858531cdd9b266fc54a31fe71fe3844afcd47a3e67445313f149437
  languageName: node
  linkType: hard

"chalk@npm:^5.2.0, chalk@npm:^5.3.0":
  version: 5.3.0
  resolution: "chalk@npm:5.3.0"
  checksum: 10c0/8297d436b2c0f95801103ff2ef67268d362021b8210daf8ddbe349695333eb3610a71122172ff3b0272f1ef2cf7cc2c41fdaa4715f52e49ffe04c56340feed09
  languageName: node
  linkType: hard

"clear-module@npm:^4.1.2":
  version: 4.1.2
  resolution: "clear-module@npm:4.1.2"
  dependencies:
    parent-module: "npm:^2.0.0"
    resolve-from: "npm:^5.0.0"
  checksum: 10c0/73207f06af256e3c8901ceaa74f7e4468a777aa68dedc7f745db4116861a7f8e69c558e16dbdf7b3d2295675d5896f916ba55b5dc737dda81792dbeee1488127
  languageName: node
  linkType: hard

"commander@npm:^12.1.0":
  version: 12.1.0
  resolution: "commander@npm:12.1.0"
  checksum: 10c0/6e1996680c083b3b897bfc1cfe1c58dfbcd9842fd43e1aaf8a795fbc237f65efcc860a3ef457b318e73f29a4f4a28f6403c3d653d021d960e4632dd45bde54a9
  languageName: node
  linkType: hard

"comment-json@npm:^4.2.5":
  version: 4.2.5
  resolution: "comment-json@npm:4.2.5"
  dependencies:
    array-timsort: "npm:^1.0.3"
    core-util-is: "npm:^1.0.3"
    esprima: "npm:^4.0.1"
    has-own-prop: "npm:^2.0.0"
    repeat-string: "npm:^1.6.1"
  checksum: 10c0/e22f13f18fcc484ac33c8bc02a3d69c3f9467ae5063fdfb3df7735f83a8d9a2cab6a32b7d4a0c53123413a9577de8e17c8cc88369c433326799558febb34ef9c
  languageName: node
  linkType: hard

"core-util-is@npm:^1.0.3":
  version: 1.0.3
  resolution: "core-util-is@npm:1.0.3"
  checksum: 10c0/90a0e40abbddfd7618f8ccd63a74d88deea94e77d0e8dbbea059fa7ebebb8fbb4e2909667fe26f3a467073de1a542ebe6ae4c73a73745ac5833786759cd906c9
  languageName: node
  linkType: hard

"cspell-config-lib@npm:8.15.3":
  version: 8.15.3
  resolution: "cspell-config-lib@npm:8.15.3"
  dependencies:
    "@cspell/cspell-types": "npm:8.15.3"
    comment-json: "npm:^4.2.5"
    yaml: "npm:^2.6.0"
  checksum: 10c0/6fd432348cca679ff160919b887dc4fcaf6e194ab4771350591b7c9f17ae88a0cd458d407407e8947da0698d0fb5497e7e962c4adeae3ff315aa61dca5369da5
  languageName: node
  linkType: hard

"cspell-dictionary@npm:8.15.3":
  version: 8.15.3
  resolution: "cspell-dictionary@npm:8.15.3"
  dependencies:
    "@cspell/cspell-pipe": "npm:8.15.3"
    "@cspell/cspell-types": "npm:8.15.3"
    cspell-trie-lib: "npm:8.15.3"
    fast-equals: "npm:^5.0.1"
  checksum: 10c0/a506a7a30a965cdd9ccd1c793147d34fd2272fd0fb53e21cdd8d1db417a081235459d564a9e8a3db79ea04b5909425f420b9a5382f9a39a18584a6866883400e
  languageName: node
  linkType: hard

"cspell-gitignore@npm:8.15.3":
  version: 8.15.3
  resolution: "cspell-gitignore@npm:8.15.3"
  dependencies:
    "@cspell/url": "npm:8.15.3"
    cspell-glob: "npm:8.15.3"
    cspell-io: "npm:8.15.3"
    find-up-simple: "npm:^1.0.0"
  bin:
    cspell-gitignore: bin.mjs
  checksum: 10c0/cc95612b94b9d2bd86ab8bba4890a592ba607bc2444eaa4f6dab9a85ae4c4b05ac41a80fdba15a9f74e487aa567e7f39d61bb983d5584a1cc5125465376ce221
  languageName: node
  linkType: hard

"cspell-glob@npm:8.15.3":
  version: 8.15.3
  resolution: "cspell-glob@npm:8.15.3"
  dependencies:
    "@cspell/url": "npm:8.15.3"
    micromatch: "npm:^4.0.8"
  checksum: 10c0/23e5f2cab95a067de7e6fe595c3742b2e95ea15300cbfde7d69f9b72186dffa61afb824d5891b926e16049c116e708eb513d769e9d31b9d4e5a270346ac74c5d
  languageName: node
  linkType: hard

"cspell-grammar@npm:8.15.3":
  version: 8.15.3
  resolution: "cspell-grammar@npm:8.15.3"
  dependencies:
    "@cspell/cspell-pipe": "npm:8.15.3"
    "@cspell/cspell-types": "npm:8.15.3"
  bin:
    cspell-grammar: bin.mjs
  checksum: 10c0/b0dcc01e3875a91f0a442c6a54b1c385b6844d3f4b2a67a351e8bef1234c96ebe0c8a3713b307d73d2b35f1d24af6d4059c503973f9f9b9dd6db7c3477fdf82e
  languageName: node
  linkType: hard

"cspell-io@npm:8.15.3":
  version: 8.15.3
  resolution: "cspell-io@npm:8.15.3"
  dependencies:
    "@cspell/cspell-service-bus": "npm:8.15.3"
    "@cspell/url": "npm:8.15.3"
  checksum: 10c0/3a601edd87dc70936c5304a5b21a5d6577d7107e1dbd04b930e6265681f16cc0ce93d3fb0d37f1594babc08deeeb30a656cf06e9dafd6bce68f94aac763b04a6
  languageName: node
  linkType: hard

"cspell-lib@npm:8.15.3":
  version: 8.15.3
  resolution: "cspell-lib@npm:8.15.3"
  dependencies:
    "@cspell/cspell-bundled-dicts": "npm:8.15.3"
    "@cspell/cspell-pipe": "npm:8.15.3"
    "@cspell/cspell-resolver": "npm:8.15.3"
    "@cspell/cspell-types": "npm:8.15.3"
    "@cspell/dynamic-import": "npm:8.15.3"
    "@cspell/filetypes": "npm:8.15.3"
    "@cspell/strong-weak-map": "npm:8.15.3"
    "@cspell/url": "npm:8.15.3"
    clear-module: "npm:^4.1.2"
    comment-json: "npm:^4.2.5"
    cspell-config-lib: "npm:8.15.3"
    cspell-dictionary: "npm:8.15.3"
    cspell-glob: "npm:8.15.3"
    cspell-grammar: "npm:8.15.3"
    cspell-io: "npm:8.15.3"
    cspell-trie-lib: "npm:8.15.3"
    env-paths: "npm:^3.0.0"
    fast-equals: "npm:^5.0.1"
    gensequence: "npm:^7.0.0"
    import-fresh: "npm:^3.3.0"
    resolve-from: "npm:^5.0.0"
    vscode-languageserver-textdocument: "npm:^1.0.12"
    vscode-uri: "npm:^3.0.8"
    xdg-basedir: "npm:^5.1.0"
  checksum: 10c0/bb6886323f5bac8272e3b086e27242e2cd79a6c2308388c9435edb2e042d5f2a6c5b2b3821695390e176eb39b3187c115a016646431bc16c4c4154864f6877d9
  languageName: node
  linkType: hard

"cspell-trie-lib@npm:8.15.3":
  version: 8.15.3
  resolution: "cspell-trie-lib@npm:8.15.3"
  dependencies:
    "@cspell/cspell-pipe": "npm:8.15.3"
    "@cspell/cspell-types": "npm:8.15.3"
    gensequence: "npm:^7.0.0"
  checksum: 10c0/8a5956e56aa3c304a5538d0bf761817d6f684d5660e3e7fc6fa48493fb49c5e7dc0c20255e67f7a163aa6de1bc45061693329f666e2a79d0bd4e1d3b978b176c
  languageName: node
  linkType: hard

"cspell@npm:^8.15.3":
  version: 8.15.3
  resolution: "cspell@npm:8.15.3"
  dependencies:
    "@cspell/cspell-json-reporter": "npm:8.15.3"
    "@cspell/cspell-pipe": "npm:8.15.3"
    "@cspell/cspell-types": "npm:8.15.3"
    "@cspell/dynamic-import": "npm:8.15.3"
    "@cspell/url": "npm:8.15.3"
    chalk: "npm:^5.3.0"
    chalk-template: "npm:^1.1.0"
    commander: "npm:^12.1.0"
    cspell-dictionary: "npm:8.15.3"
    cspell-gitignore: "npm:8.15.3"
    cspell-glob: "npm:8.15.3"
    cspell-io: "npm:8.15.3"
    cspell-lib: "npm:8.15.3"
    fast-json-stable-stringify: "npm:^2.1.0"
    file-entry-cache: "npm:^9.1.0"
    get-stdin: "npm:^9.0.0"
    semver: "npm:^7.6.3"
    tinyglobby: "npm:^0.2.9"
  bin:
    cspell: bin.mjs
    cspell-esm: bin.mjs
  checksum: 10c0/5f09bb3edae762e1f62524fa35dffbc557744d1476f71af6eb11dd921495cfb7ba1f325bf4c7fc6839f9c508caa919d19ea070ef0e341c578d6340768f57d784
  languageName: node
  linkType: hard

"env-paths@npm:^3.0.0":
  version: 3.0.0
  resolution: "env-paths@npm:3.0.0"
  checksum: 10c0/76dec878cee47f841103bacd7fae03283af16f0702dad65102ef0a556f310b98a377885e0f32943831eb08b5ab37842a323d02529f3dfd5d0a40ca71b01b435f
  languageName: node
  linkType: hard

"esprima@npm:^4.0.1":
  version: 4.0.1
  resolution: "esprima@npm:4.0.1"
  bin:
    esparse: ./bin/esparse.js
    esvalidate: ./bin/esvalidate.js
  checksum: 10c0/ad4bab9ead0808cf56501750fd9d3fb276f6b105f987707d059005d57e182d18a7c9ec7f3a01794ebddcca676773e42ca48a32d67a250c9d35e009ca613caba3
  languageName: node
  linkType: hard

"fast-equals@npm:^5.0.1":
  version: 5.0.1
  resolution: "fast-equals@npm:5.0.1"
  checksum: 10c0/d7077b8b681036c2840ed9860a3048e44fc268fad2b525b8f25b43458be0c8ad976152eb4b475de9617170423c5b802121ebb61ed6641c3ac035fadaf805c8c0
  languageName: node
  linkType: hard

"fast-json-stable-stringify@npm:^2.1.0":
  version: 2.1.0
  resolution: "fast-json-stable-stringify@npm:2.1.0"
  checksum: 10c0/7f081eb0b8a64e0057b3bb03f974b3ef00135fbf36c1c710895cd9300f13c94ba809bb3a81cf4e1b03f6e5285610a61abbd7602d0652de423144dfee5a389c9b
  languageName: node
  linkType: hard

"fdir@npm:^6.4.0":
  version: 6.4.2
  resolution: "fdir@npm:6.4.2"
  peerDependencies:
    picomatch: ^3 || ^4
  peerDependenciesMeta:
    picomatch:
      optional: true
  checksum: 10c0/34829886f34a3ca4170eca7c7180ec4de51a3abb4d380344063c0ae2e289b11d2ba8b724afee974598c83027fea363ff598caf2b51bc4e6b1e0d8b80cc530573
  languageName: node
  linkType: hard

"file-entry-cache@npm:^9.1.0":
  version: 9.1.0
  resolution: "file-entry-cache@npm:9.1.0"
  dependencies:
    flat-cache: "npm:^5.0.0"
  checksum: 10c0/4b4dbc1e972f50202b1a4430d30fd99378ef6e2a64857176abdc65c5e4730a948fb37e274478520a7bacbc70f3abba455a4b9d2c1915c53f30d11dc85d3fef5e
  languageName: node
  linkType: hard

"fill-range@npm:^7.1.1":
  version: 7.1.1
  resolution: "fill-range@npm:7.1.1"
  dependencies:
    to-regex-range: "npm:^5.0.1"
  checksum: 10c0/b75b691bbe065472f38824f694c2f7449d7f5004aa950426a2c28f0306c60db9b880c0b0e4ed819997ffb882d1da02cfcfc819bddc94d71627f5269682edf018
  languageName: node
  linkType: hard

"find-up-simple@npm:^1.0.0":
  version: 1.0.0
  resolution: "find-up-simple@npm:1.0.0"
  checksum: 10c0/de1ad5e55c8c162f5600fe3297bb55a3da5cd9cb8c6755e463ec1d52c4c15a84e312a68397fb5962d13263b3dbd4ea294668c465ccacc41291d7cc97588769f9
  languageName: node
  linkType: hard

"flat-cache@npm:^5.0.0":
  version: 5.0.0
  resolution: "flat-cache@npm:5.0.0"
  dependencies:
    flatted: "npm:^3.3.1"
    keyv: "npm:^4.5.4"
  checksum: 10c0/847f25eefec5d6614fdce76dc6097ee98f63fd4dfbcb908718905ac56610f939f4c28b1f908d6e8857d49286fe73235095d2e7ac9df096c35a3e8a15204c361b
  languageName: node
  linkType: hard

"flatted@npm:^3.3.1":
  version: 3.3.1
  resolution: "flatted@npm:3.3.1"
  checksum: 10c0/324166b125ee07d4ca9bcf3a5f98d915d5db4f39d711fba640a3178b959919aae1f7cfd8aabcfef5826ed8aa8a2aa14cc85b2d7d18ff638ddf4ae3df39573eaf
  languageName: node
  linkType: hard

"gensequence@npm:^7.0.0":
  version: 7.0.0
  resolution: "gensequence@npm:7.0.0"
  checksum: 10c0/d446772a795d8a50d70d87e87b827591ccd599c267acce9c2e1f17e4df6c04e6d47661b2ddf5d0144d026c1e3ac71eca917c171e594c3daf6a87aeabbe1d7a3d
  languageName: node
  linkType: hard

"get-stdin@npm:^9.0.0":
  version: 9.0.0
  resolution: "get-stdin@npm:9.0.0"
  checksum: 10c0/7ef2edc0c81a0644ca9f051aad8a96ae9373d901485abafaabe59fd347a1c378689d8a3d8825fb3067415d1d09dfcaa43cb9b9516ecac6b74b3138b65a8ccc6b
  languageName: node
  linkType: hard

"global-directory@npm:^4.0.1":
  version: 4.0.1
  resolution: "global-directory@npm:4.0.1"
  dependencies:
    ini: "npm:4.1.1"
  checksum: 10c0/f9cbeef41db4876f94dd0bac1c1b4282a7de9c16350ecaaf83e7b2dd777b32704cc25beeb1170b5a63c42a2c9abfade74d46357fe0133e933218bc89e613d4b2
  languageName: node
  linkType: hard

"has-own-prop@npm:^2.0.0":
  version: 2.0.0
  resolution: "has-own-prop@npm:2.0.0"
  checksum: 10c0/2745497283d80228b5c5fbb8c63ab1029e604bce7db8d4b36255e427b3695b2153dc978b176674d0dd2a23f132809e04d7ef41fefc0ab85870a5caa918c5c0d9
  languageName: node
  linkType: hard

"import-fresh@npm:^3.3.0":
  version: 3.3.0
  resolution: "import-fresh@npm:3.3.0"
  dependencies:
    parent-module: "npm:^1.0.0"
    resolve-from: "npm:^4.0.0"
  checksum: 10c0/7f882953aa6b740d1f0e384d0547158bc86efbf2eea0f1483b8900a6f65c5a5123c2cf09b0d542cc419d0b98a759ecaeb394237e97ea427f2da221dc3cd80cc3
  languageName: node
  linkType: hard

"import-meta-resolve@npm:^4.1.0":
  version: 4.1.0
  resolution: "import-meta-resolve@npm:4.1.0"
  checksum: 10c0/42f3284b0460635ddf105c4ad99c6716099c3ce76702602290ad5cbbcd295700cbc04e4bdf47bacf9e3f1a4cec2e1ff887dabc20458bef398f9de22ddff45ef5
  languageName: node
  linkType: hard

"ini@npm:4.1.1":
  version: 4.1.1
  resolution: "ini@npm:4.1.1"
  checksum: 10c0/7fddc8dfd3e63567d4fdd5d999d1bf8a8487f1479d0b34a1d01f28d391a9228d261e19abc38e1a6a1ceb3400c727204fce05725d5eb598dfcf2077a1e3afe211
  languageName: node
  linkType: hard

"is-number@npm:^7.0.0":
  version: 7.0.0
  resolution: "is-number@npm:7.0.0"
  checksum: 10c0/b4686d0d3053146095ccd45346461bc8e53b80aeb7671cc52a4de02dbbf7dc0d1d2a986e2fe4ae206984b4d34ef37e8b795ebc4f4295c978373e6575e295d811
  languageName: node
  linkType: hard

"json-buffer@npm:3.0.1":
  version: 3.0.1
  resolution: "json-buffer@npm:3.0.1"
  checksum: 10c0/0d1c91569d9588e7eef2b49b59851f297f3ab93c7b35c7c221e288099322be6b562767d11e4821da500f3219542b9afd2e54c5dc573107c1126ed1080f8e96d7
  languageName: node
  linkType: hard

"keyv@npm:^4.5.4":
  version: 4.5.4
  resolution: "keyv@npm:4.5.4"
  dependencies:
    json-buffer: "npm:3.0.1"
  checksum: 10c0/aa52f3c5e18e16bb6324876bb8b59dd02acf782a4b789c7b2ae21107fab95fab3890ed448d4f8dba80ce05391eeac4bfabb4f02a20221342982f806fa2cf271e
  languageName: node
  linkType: hard

"micromatch@npm:^4.0.8":
  version: 4.0.8
  resolution: "micromatch@npm:4.0.8"
  dependencies:
    braces: "npm:^3.0.3"
    picomatch: "npm:^2.3.1"
  checksum: 10c0/166fa6eb926b9553f32ef81f5f531d27b4ce7da60e5baf8c021d043b27a388fb95e46a8038d5045877881e673f8134122b59624d5cecbd16eb50a42e7a6b5ca8
  languageName: node
  linkType: hard

"misc-scripts@workspace:.":
  version: 0.0.0-use.local
  resolution: "misc-scripts@workspace:."
  dependencies:
    cspell: "npm:^8.15.3"
    prettier: "npm:^3.3.3"
    prettier-plugin-ini: "npm:^1.3.0"
    prettier-plugin-toml: "npm:^2.0.1"
  languageName: unknown
  linkType: soft

"parent-module@npm:^1.0.0":
  version: 1.0.1
  resolution: "parent-module@npm:1.0.1"
  dependencies:
    callsites: "npm:^3.0.0"
  checksum: 10c0/c63d6e80000d4babd11978e0d3fee386ca7752a02b035fd2435960ffaa7219dc42146f07069fb65e6e8bf1caef89daf9af7535a39bddf354d78bf50d8294f556
  languageName: node
  linkType: hard

"parent-module@npm:^2.0.0":
  version: 2.0.0
  resolution: "parent-module@npm:2.0.0"
  dependencies:
    callsites: "npm:^3.1.0"
  checksum: 10c0/e4c5e34102c709df1932e1065dee53764fbd869f5a673beb8c3b4bcbbd4a7be16e3595f8846b24f52a77b9e96d8d499e68736ec690b108e55d95a5315f41e073
  languageName: node
  linkType: hard

"picomatch@npm:^2.3.1":
  version: 2.3.1
  resolution: "picomatch@npm:2.3.1"
  checksum: 10c0/26c02b8d06f03206fc2ab8d16f19960f2ff9e81a658f831ecb656d8f17d9edc799e8364b1f4a7873e89d9702dff96204be0fa26fe4181f6843f040f819dac4be
  languageName: node
  linkType: hard

"picomatch@npm:^4.0.2":
  version: 4.0.2
  resolution: "picomatch@npm:4.0.2"
  checksum: 10c0/7c51f3ad2bb42c776f49ebf964c644958158be30d0a510efd5a395e8d49cb5acfed5b82c0c5b365523ce18e6ab85013c9ebe574f60305892ec3fa8eee8304ccc
  languageName: node
  linkType: hard

"prettier-plugin-ini@npm:^1.3.0":
  version: 1.3.0
  resolution: "prettier-plugin-ini@npm:1.3.0"
  dependencies:
    prettier: "npm:>=3.0.0-alpha.3"
  checksum: 10c0/db5580a903cf5dadd89f33a7317aa2cc13da6b81c623a5a8786b2610521be834516ca393c1a1535603f55435f95ab372b9199bca1e8091600dad523cd3ebe4b3
  languageName: node
  linkType: hard

"prettier-plugin-toml@npm:^2.0.1":
  version: 2.0.1
  resolution: "prettier-plugin-toml@npm:2.0.1"
  dependencies:
    "@taplo/lib": "npm:^0.4.0-alpha.2"
  peerDependencies:
    prettier: ^3.0.3
  checksum: 10c0/8a67133b1a71d82f6fe20fe92e18251ae2930d0fe96d18af8c2333cc8fffce408642b6d6f21441932a97a248815cc82b3f372971eae84aab80cad2f0d78bdc68
  languageName: node
  linkType: hard

"prettier@npm:>=3.0.0-alpha.3, prettier@npm:^3.3.3":
  version: 3.3.3
  resolution: "prettier@npm:3.3.3"
  bin:
    prettier: bin/prettier.cjs
  checksum: 10c0/b85828b08e7505716324e4245549b9205c0cacb25342a030ba8885aba2039a115dbcf75a0b7ca3b37bc9d101ee61fab8113fc69ca3359f2a226f1ecc07ad2e26
  languageName: node
  linkType: hard

"repeat-string@npm:^1.6.1":
  version: 1.6.1
  resolution: "repeat-string@npm:1.6.1"
  checksum: 10c0/87fa21bfdb2fbdedc44b9a5b118b7c1239bdd2c2c1e42742ef9119b7d412a5137a1d23f1a83dc6bb686f4f27429ac6f542e3d923090b44181bafa41e8ac0174d
  languageName: node
  linkType: hard

"resolve-from@npm:^4.0.0":
  version: 4.0.0
  resolution: "resolve-from@npm:4.0.0"
  checksum: 10c0/8408eec31a3112ef96e3746c37be7d64020cda07c03a920f5024e77290a218ea758b26ca9529fd7b1ad283947f34b2291c1c0f6aa0ed34acfdda9c6014c8d190
  languageName: node
  linkType: hard

"resolve-from@npm:^5.0.0":
  version: 5.0.0
  resolution: "resolve-from@npm:5.0.0"
  checksum: 10c0/b21cb7f1fb746de8107b9febab60095187781137fd803e6a59a76d421444b1531b641bba5857f5dc011974d8a5c635d61cec49e6bd3b7fc20e01f0fafc4efbf2
  languageName: node
  linkType: hard

"semver@npm:^7.6.3":
  version: 7.6.3
  resolution: "semver@npm:7.6.3"
  bin:
    semver: bin/semver.js
  checksum: 10c0/88f33e148b210c153873cb08cfe1e281d518aaa9a666d4d148add6560db5cd3c582f3a08ccb91f38d5f379ead256da9931234ed122057f40bb5766e65e58adaf
  languageName: node
  linkType: hard

"tinyglobby@npm:^0.2.9":
  version: 0.2.9
  resolution: "tinyglobby@npm:0.2.9"
  dependencies:
    fdir: "npm:^6.4.0"
    picomatch: "npm:^4.0.2"
  checksum: 10c0/f65f847afe70f56de069d4f1f9c3b0c1a76aaf2b0297656754734a83b9bac8e105b5534dfbea8599560476b88f7b747d0855370a957a07246d18b976addb87ec
  languageName: node
  linkType: hard

"to-regex-range@npm:^5.0.1":
  version: 5.0.1
  resolution: "to-regex-range@npm:5.0.1"
  dependencies:
    is-number: "npm:^7.0.0"
  checksum: 10c0/487988b0a19c654ff3e1961b87f471702e708fa8a8dd02a298ef16da7206692e8552a0250e8b3e8759270f62e9d8314616f6da274734d3b558b1fc7b7724e892
  languageName: node
  linkType: hard

"vscode-languageserver-textdocument@npm:^1.0.12":
  version: 1.0.12
  resolution: "vscode-languageserver-textdocument@npm:1.0.12"
  checksum: 10c0/534349894b059602c4d97615a1147b6c4c031141c2093e59657f54e38570f5989c21b376836f13b9375419869242e9efb4066643208b21ab1e1dee111a0f00fb
  languageName: node
  linkType: hard

"vscode-uri@npm:^3.0.8":
  version: 3.0.8
  resolution: "vscode-uri@npm:3.0.8"
  checksum: 10c0/f7f217f526bf109589969fe6e66b71e70b937de1385a1d7bb577ca3ee7c5e820d3856a86e9ff2fa9b7a0bc56a3dd8c3a9a557d3fedd7df414bc618d5e6b567f9
  languageName: node
  linkType: hard

"xdg-basedir@npm:^5.1.0":
  version: 5.1.0
  resolution: "xdg-basedir@npm:5.1.0"
  checksum: 10c0/c88efabc71ffd996ba9ad8923a8cc1c7c020a03e2c59f0ffa72e06be9e724ad2a0fccef488757bc6ed3d8849d753dd25082d1035d95cb179e79eae4d034d0b80
  languageName: node
  linkType: hard

"yaml@npm:^2.6.0":
  version: 2.6.0
  resolution: "yaml@npm:2.6.0"
  bin:
    yaml: bin.mjs
  checksum: 10c0/9e74cdb91cc35512a1c41f5ce509b0e93cc1d00eff0901e4ba831ee75a71ddf0845702adcd6f4ee6c811319eb9b59653248462ab94fa021ab855543a75396ceb
  languageName: node
  linkType: hard
