# This file is generated by running "yarn install" inside your project.
# Manual changes might be lost - proceed with caution!

__metadata:
  version: 8
  cacheKey: 10c0

"@cspell/cspell-bundled-dicts@npm:8.14.2":
  version: 8.14.2
  resolution: "@cspell/cspell-bundled-dicts@npm:8.14.2"
  dependencies:
    "@cspell/dict-ada": "npm:^4.0.2"
    "@cspell/dict-aws": "npm:^4.0.3"
    "@cspell/dict-bash": "npm:^4.1.3"
    "@cspell/dict-companies": "npm:^3.1.4"
    "@cspell/dict-cpp": "npm:^5.1.12"
    "@cspell/dict-cryptocurrencies": "npm:^5.0.0"
    "@cspell/dict-csharp": "npm:^4.0.2"
    "@cspell/dict-css": "npm:^4.0.13"
    "@cspell/dict-dart": "npm:^2.0.3"
    "@cspell/dict-django": "npm:^4.1.0"
    "@cspell/dict-docker": "npm:^1.1.7"
    "@cspell/dict-dotnet": "npm:^5.0.2"
    "@cspell/dict-elixir": "npm:^4.0.3"
    "@cspell/dict-en-common-misspellings": "npm:^2.0.4"
    "@cspell/dict-en-gb": "npm:1.1.33"
    "@cspell/dict-en_us": "npm:^4.3.23"
    "@cspell/dict-filetypes": "npm:^3.0.4"
    "@cspell/dict-fonts": "npm:^4.0.0"
    "@cspell/dict-fsharp": "npm:^1.0.1"
    "@cspell/dict-fullstack": "npm:^3.2.0"
    "@cspell/dict-gaming-terms": "npm:^1.0.5"
    "@cspell/dict-git": "npm:^3.0.0"
    "@cspell/dict-golang": "npm:^6.0.9"
    "@cspell/dict-google": "npm:^1.0.1"
    "@cspell/dict-haskell": "npm:^4.0.1"
    "@cspell/dict-html": "npm:^4.0.5"
    "@cspell/dict-html-symbol-entities": "npm:^4.0.0"
    "@cspell/dict-java": "npm:^5.0.7"
    "@cspell/dict-julia": "npm:^1.0.1"
    "@cspell/dict-k8s": "npm:^1.0.6"
    "@cspell/dict-latex": "npm:^4.0.0"
    "@cspell/dict-lorem-ipsum": "npm:^4.0.0"
    "@cspell/dict-lua": "npm:^4.0.3"
    "@cspell/dict-makefile": "npm:^1.0.0"
    "@cspell/dict-monkeyc": "npm:^1.0.6"
    "@cspell/dict-node": "npm:^5.0.1"
    "@cspell/dict-npm": "npm:^5.0.18"
    "@cspell/dict-php": "npm:^4.0.8"
    "@cspell/dict-powershell": "npm:^5.0.5"
    "@cspell/dict-public-licenses": "npm:^2.0.7"
    "@cspell/dict-python": "npm:^4.2.4"
    "@cspell/dict-r": "npm:^2.0.1"
    "@cspell/dict-ruby": "npm:^5.0.2"
    "@cspell/dict-rust": "npm:^4.0.5"
    "@cspell/dict-scala": "npm:^5.0.3"
    "@cspell/dict-software-terms": "npm:^4.0.6"
    "@cspell/dict-sql": "npm:^2.1.5"
    "@cspell/dict-svelte": "npm:^1.0.2"
    "@cspell/dict-swift": "npm:^2.0.1"
    "@cspell/dict-terraform": "npm:^1.0.0"
    "@cspell/dict-typescript": "npm:^3.1.6"
    "@cspell/dict-vue": "npm:^3.0.0"
  checksum: 10c0/390709845b3947b76e26c7ddaf498e0daab9a889f8781c7467559e1efdfe96da288a99781ed227f4d37b5914c34c5dcb5c5bc707e1a3ca87a39555a10640fc53
  languageName: node
  linkType: hard

"@cspell/cspell-json-reporter@npm:8.14.2":
  version: 8.14.2
  resolution: "@cspell/cspell-json-reporter@npm:8.14.2"
  dependencies:
    "@cspell/cspell-types": "npm:8.14.2"
  checksum: 10c0/0980a0faa036aedaa5b2346726b55df950e76975342d107ed6f353f453af933717e8eb76a5256e5ab078daeb0649c085299b06cd43608ac3b77077e7ee745807
  languageName: node
  linkType: hard

"@cspell/cspell-pipe@npm:8.14.2":
  version: 8.14.2
  resolution: "@cspell/cspell-pipe@npm:8.14.2"
  checksum: 10c0/f6275f65e124479e42cd8518e3d6c8ff82b8a56ec3b1d0a0b9c625836dd0c72999c3a2f976ea0110650277ea5516b774814f6c077cf3d4cc9708c2ed036f56af
  languageName: node
  linkType: hard

"@cspell/cspell-resolver@npm:8.14.2":
  version: 8.14.2
  resolution: "@cspell/cspell-resolver@npm:8.14.2"
  dependencies:
    global-directory: "npm:^4.0.1"
  checksum: 10c0/98011a28103136349e6d24b15974d5aa2b832690ef950dedaf45c96278968f757126ddbbaaa8f0c7168208d73c0518f92d8a1323b30c0e0db73cea9b9c30db2b
  languageName: node
  linkType: hard

"@cspell/cspell-service-bus@npm:8.14.2":
  version: 8.14.2
  resolution: "@cspell/cspell-service-bus@npm:8.14.2"
  checksum: 10c0/b4ea677b40d4128430a31edfe1aa26ffa90fb621d98af8e70382574b5b172f0fe953de22c04cc9cb05ae7abca4d91512e923a0704fd2fa12dac82a2766be9ba7
  languageName: node
  linkType: hard

"@cspell/cspell-types@npm:8.14.2":
  version: 8.14.2
  resolution: "@cspell/cspell-types@npm:8.14.2"
  checksum: 10c0/dc1ac65502a3cdbd0f24f09cdc773b87eb3facdbe92d003b545993330573a79c29be90a66e3b42fcb8c9e77950639cc1f8b10c1b7025ef3e3bf75f5eb56bbea1
  languageName: node
  linkType: hard

"@cspell/dict-ada@npm:^4.0.2":
  version: 4.0.2
  resolution: "@cspell/dict-ada@npm:4.0.2"
  checksum: 10c0/ef2e34ddfc635a398522a04b0193e2130051a644dffa52f31faa59e864f88d1624b50b53115ed16cc4508f36b43ba8819f504635f437f34ee7d451d3bb441a71
  languageName: node
  linkType: hard

"@cspell/dict-aws@npm:^4.0.3":
  version: 4.0.4
  resolution: "@cspell/dict-aws@npm:4.0.4"
  checksum: 10c0/0e42d3b1d6b5f43481ce2c258f8e4c61e6cbcfd6c6addad48555b21e159d49bb82ebefa1da2f5555fc81e4f8fa3a637d974fed4b57498ec8e4fb0928c24aa20b
  languageName: node
  linkType: hard

"@cspell/dict-bash@npm:^4.1.3":
  version: 4.1.4
  resolution: "@cspell/dict-bash@npm:4.1.4"
  checksum: 10c0/73f2aa215aaf503ccbcbd6e609aa2743c17fb6a3a1757759f2e183e4ec0538cafed5b5d57d045320838f2accc65f94f5299c68e290441ba98cb828549e3f59fb
  languageName: node
  linkType: hard

"@cspell/dict-companies@npm:^3.1.4":
  version: 3.1.4
  resolution: "@cspell/dict-companies@npm:3.1.4"
  checksum: 10c0/ffa5b25a73c6754d9da8ce8238928dad1be71f6269012c2c5752a9bd2d42a0774f028837ae85e647a8ec0b40b0824d1e0bd34809a7395849017b604b0f42076c
  languageName: node
  linkType: hard

"@cspell/dict-cpp@npm:^5.1.12":
  version: 5.1.16
  resolution: "@cspell/dict-cpp@npm:5.1.16"
  checksum: 10c0/49563cf8aa7a1f978e0897daf60afc9569cef20c590864b160095a0259d63439984dd23225851931d1cda146edf0adcb8c0332535bffa01aec08ecf0945d73d8
  languageName: node
  linkType: hard

"@cspell/dict-cryptocurrencies@npm:^5.0.0":
  version: 5.0.0
  resolution: "@cspell/dict-cryptocurrencies@npm:5.0.0"
  checksum: 10c0/d5b124eb5d037103ffa2b282779dda8a01ec6622c5498282e05b58f92ce262dae9ac8995748e47a89578e9d658ffd963aa430e85699618c8428166fbe741370d
  languageName: node
  linkType: hard

"@cspell/dict-csharp@npm:^4.0.2":
  version: 4.0.2
  resolution: "@cspell/dict-csharp@npm:4.0.2"
  checksum: 10c0/146b7edeb8aa1acf6b0ccb283a2a5e0e8f2612e6fc67cca9b26e0fabe954a92042d314860bb5418522d6db265bd5933b6c68004d2b8225ad89498bf795b51f89
  languageName: node
  linkType: hard

"@cspell/dict-css@npm:^4.0.13":
  version: 4.0.13
  resolution: "@cspell/dict-css@npm:4.0.13"
  checksum: 10c0/6ba283825c3e25ff46503db3e38fc8ee27469463fcd2f85f01e673029e4fe34f097f4991288673569d0ba17c2c08b4c663de14d6b4dc6259fd9934f12131198c
  languageName: node
  linkType: hard

"@cspell/dict-dart@npm:^2.0.3":
  version: 2.2.1
  resolution: "@cspell/dict-dart@npm:2.2.1"
  checksum: 10c0/7aab07d7ee03ef8846397d6fc575fc9e2bf0e2d052060778e1a443a9f37bc09d34b94cc4a30b631d7a7682bfd3af3b9db57b500a8a0b9ebd3f1e1719bf0625b4
  languageName: node
  linkType: hard

"@cspell/dict-data-science@npm:^2.0.1":
  version: 2.0.1
  resolution: "@cspell/dict-data-science@npm:2.0.1"
  checksum: 10c0/527eca5c42e981f49562b92032894f480b8c67612cb269ee23cdf5779a4118958b8fab1941af464d17748d183f3fe747204d22c6b815439caa218a87c031d178
  languageName: node
  linkType: hard

"@cspell/dict-django@npm:^4.1.0":
  version: 4.1.0
  resolution: "@cspell/dict-django@npm:4.1.0"
  checksum: 10c0/85b7f58d772f169f7471f2c1bcb8a0207cdff7c32677bf470bcbcc74ce6498269623cfcc7910730eeac7f052633f8d4c63574367c1afe5f46a2917748ed397ca
  languageName: node
  linkType: hard

"@cspell/dict-docker@npm:^1.1.7":
  version: 1.1.7
  resolution: "@cspell/dict-docker@npm:1.1.7"
  checksum: 10c0/e34428f3e18d3ebb94854e4034746a8a0ef81354994f09d289254f75b9ce11fee53f64c706e1e598d5131fbe50d536401c4e5b854e44b965e6e193d454fa87b7
  languageName: node
  linkType: hard

"@cspell/dict-dotnet@npm:^5.0.2":
  version: 5.0.5
  resolution: "@cspell/dict-dotnet@npm:5.0.5"
  checksum: 10c0/8d6a7c29b5ca1f8decdf0fcfaadd4e6098cb948d99b02eae343ba1bfcdd42fdb8332e9f48b5756f2405e5c488b4e6f955330bab321968ffd0702f8d5966ba74a
  languageName: node
  linkType: hard

"@cspell/dict-elixir@npm:^4.0.3":
  version: 4.0.3
  resolution: "@cspell/dict-elixir@npm:4.0.3"
  checksum: 10c0/c24b742b0615f310c89a05ded6648a63ee8e0a9d63326fd155846ce4acba2337a1cef3f58d653b9d8f4b6636d466dfeac2bf7122f374ae39a4d539894ebc5523
  languageName: node
  linkType: hard

"@cspell/dict-en-common-misspellings@npm:^2.0.4":
  version: 2.0.4
  resolution: "@cspell/dict-en-common-misspellings@npm:2.0.4"
  checksum: 10c0/b26132803f9408c766ff5a5e83a5b42a63921f4771d6dadc46bda9bf27f29f9735b69a1ff8230de735ba191b0788123dcb9dbbe9c40c2b1c029f9cdf8a9345ac
  languageName: node
  linkType: hard

"@cspell/dict-en-gb@npm:1.1.33":
  version: 1.1.33
  resolution: "@cspell/dict-en-gb@npm:1.1.33"
  checksum: 10c0/09563d1016f652dc8164a5f692be49beb78a847a54d5e470d406ae4db125bf8021db75d3db63f7a0c1d1b7a5dfbec4b709fb2ff3520447dcad690adb98d74130
  languageName: node
  linkType: hard

"@cspell/dict-en_us@npm:^4.3.23":
  version: 4.3.23
  resolution: "@cspell/dict-en_us@npm:4.3.23"
  checksum: 10c0/fc9bda1cb345cebcb25bb40008b87867418c3ec7ab758b1758a333aff724fac978a446106a19cce25e3401d41e5e6520ab1cad1f793c9e4ec24858aea0e37d20
  languageName: node
  linkType: hard

"@cspell/dict-filetypes@npm:^3.0.4":
  version: 3.0.4
  resolution: "@cspell/dict-filetypes@npm:3.0.4"
  checksum: 10c0/8400748182c641d3308acd827b126380fd4b9b428a1bedc6bed53f7e21ee011e8acc99c5b177b75d1bafe1bf7ae6b1a6bf45406bccdd346ef62d64089ad0285e
  languageName: node
  linkType: hard

"@cspell/dict-fonts@npm:^4.0.0":
  version: 4.0.0
  resolution: "@cspell/dict-fonts@npm:4.0.0"
  checksum: 10c0/d7b62691ebb34cf5538f65e18e4188716a87e3fcd56cabde090040b5c81676bc0004304bda47bc14c58417ac710b4627b3513a5bbeb99be1fae6d9b5f291bd2c
  languageName: node
  linkType: hard

"@cspell/dict-fsharp@npm:^1.0.1":
  version: 1.0.1
  resolution: "@cspell/dict-fsharp@npm:1.0.1"
  checksum: 10c0/bc1a83f35eab65e4704889cbfa4625dbbf07219987c2535f0c469f741f047ee8d14ea2fb65d32b669fd27b63a79a119b65e587d28ec9608e064a6f49d2274ca6
  languageName: node
  linkType: hard

"@cspell/dict-fullstack@npm:^3.2.0":
  version: 3.2.0
  resolution: "@cspell/dict-fullstack@npm:3.2.0"
  checksum: 10c0/fdf7577808a435a8af2535b81d9cd645693563602d0e0babd1c7206b6fefb2349d51082e4610b6bc162ec93fed10c6a28b016d880af0d60203d68994b07071f4
  languageName: node
  linkType: hard

"@cspell/dict-gaming-terms@npm:^1.0.5":
  version: 1.0.5
  resolution: "@cspell/dict-gaming-terms@npm:1.0.5"
  checksum: 10c0/2017d228104dcf1642fce087e1e1aae76927d0d05f229bd44d0652acfdf93c17e287079920b885f7d78bd9154434ace674d986e94425b9187e4984d54b410597
  languageName: node
  linkType: hard

"@cspell/dict-git@npm:^3.0.0":
  version: 3.0.0
  resolution: "@cspell/dict-git@npm:3.0.0"
  checksum: 10c0/baf9de7896f4da603600c735fe861c8ce3db8f8533ac6f52b0541096090ae8efcdcde33aab19b69e8bd6d72af45d664b1f2cfda6fbb157a81608bc6d0d39ce6d
  languageName: node
  linkType: hard

"@cspell/dict-golang@npm:^6.0.9":
  version: 6.0.12
  resolution: "@cspell/dict-golang@npm:6.0.12"
  checksum: 10c0/f91dffc6c5916e74a52e0bde33ae83890c8db198bd70cda8e5860fdf82bcb3ba7728bda6173eec59773661df67de1988d6f322ec27e8fc11425c22676e994e01
  languageName: node
  linkType: hard

"@cspell/dict-google@npm:^1.0.1":
  version: 1.0.1
  resolution: "@cspell/dict-google@npm:1.0.1"
  checksum: 10c0/de4678cb861c0103c821f435098d38b6874a628c08ba154fa0c4a75594abefe61299578eb5cec745623590e539cda6512425144eac336cd375ae1e2449d532e1
  languageName: node
  linkType: hard

"@cspell/dict-haskell@npm:^4.0.1":
  version: 4.0.1
  resolution: "@cspell/dict-haskell@npm:4.0.1"
  checksum: 10c0/7693a06b74a393aec35b67304ae56dad1ce3509951bec64053d992011e0309e9c420edd13a073ab3e500c0ac53e15dd92472097d689f7602c6d9ad10a2ee0dab
  languageName: node
  linkType: hard

"@cspell/dict-html-symbol-entities@npm:^4.0.0":
  version: 4.0.0
  resolution: "@cspell/dict-html-symbol-entities@npm:4.0.0"
  checksum: 10c0/35d3223f02f0d091ac6a93424d4c31a075ece530bee00853ee1f5827e5ed25d08407a522a3c747cbfbaa891333df3aa9cf6107a21f2a030667f74228655c9081
  languageName: node
  linkType: hard

"@cspell/dict-html@npm:^4.0.5":
  version: 4.0.5
  resolution: "@cspell/dict-html@npm:4.0.5"
  checksum: 10c0/6e1b9262bba042a951a6020dfd99efb5fb3a29a5ad8bbdc96a1dd197dc1d89384448afd3b6ff7227a48f2439a90bd3b297566b35c94dcc032f8b473ac147c16a
  languageName: node
  linkType: hard

"@cspell/dict-java@npm:^5.0.7":
  version: 5.0.7
  resolution: "@cspell/dict-java@npm:5.0.7"
  checksum: 10c0/ea3ff17db1e618b6ef4c6f6cf34dc9409dd85831f8b3f0ec55da6b238cfae1f8b13ff6de717d355f3668605004047f538e46f1502d7f0fee7100267a5d34db0a
  languageName: node
  linkType: hard

"@cspell/dict-julia@npm:^1.0.1":
  version: 1.0.1
  resolution: "@cspell/dict-julia@npm:1.0.1"
  checksum: 10c0/7c8fbe4f1e6df956f9ad87b05fa6c21f19607951b1eaadda3823e43a533aa52bec54bf2887cb59308167d9bd9bf7252b0fffeb2ac50a1cc0d46bcfb0f561ac10
  languageName: node
  linkType: hard

"@cspell/dict-k8s@npm:^1.0.6":
  version: 1.0.6
  resolution: "@cspell/dict-k8s@npm:1.0.6"
  checksum: 10c0/d9bb457c03bc65d156915fedccebf7e3f387fab09d1b4b79c368e761b1bf22f4e1b6f35932592427a04cdf76aecf5c2eb3f80639f4e3a6a1d9c77d30aa1a1ddc
  languageName: node
  linkType: hard

"@cspell/dict-latex@npm:^4.0.0":
  version: 4.0.0
  resolution: "@cspell/dict-latex@npm:4.0.0"
  checksum: 10c0/d96392866378e680d2fe29770bb8f38b1abad8c2b5b29e003bdbfe7aee79de1841fe699b6e357629e7b94dbaf882fd33e5e316d066be7fc02f0cea6caa8dcde4
  languageName: node
  linkType: hard

"@cspell/dict-lorem-ipsum@npm:^4.0.0":
  version: 4.0.0
  resolution: "@cspell/dict-lorem-ipsum@npm:4.0.0"
  checksum: 10c0/9f518643664f4ccc8b3e4126abf78385d9ea4abd1d9fc4d5e89f3a140175c62e2d5f729a97845d912f899e908dd8a9ebbc3a0debd2a41f15cee7a2f15d44b04b
  languageName: node
  linkType: hard

"@cspell/dict-lua@npm:^4.0.3":
  version: 4.0.3
  resolution: "@cspell/dict-lua@npm:4.0.3"
  checksum: 10c0/3c6bf9942f3194071d293c0024e3be1b203cdd953222cc4140e97572f1991697c3cc7b6be0c828788eaefb72e7013c8b41937e9b1c14188f79c38b45786fcca5
  languageName: node
  linkType: hard

"@cspell/dict-makefile@npm:^1.0.0":
  version: 1.0.0
  resolution: "@cspell/dict-makefile@npm:1.0.0"
  checksum: 10c0/b0618d71cfae52c8cbe023d316195ff7fc80b29504ed983e4994df6109b62ef1e3af00500cf60ad9489b9ca9ca85b33aeb8a56f6dfff4bf8e1ac08b25a38e823
  languageName: node
  linkType: hard

"@cspell/dict-monkeyc@npm:^1.0.6":
  version: 1.0.6
  resolution: "@cspell/dict-monkeyc@npm:1.0.6"
  checksum: 10c0/8d0889be1fda98825172b34330dfdf0b3da73fb0167cf4018771428e80ec91e205bc655538a9959ed5e7ebcc1f6842916485d037a726a098e725874b19c0ac9e
  languageName: node
  linkType: hard

"@cspell/dict-node@npm:^5.0.1":
  version: 5.0.1
  resolution: "@cspell/dict-node@npm:5.0.1"
  checksum: 10c0/ef1d5fb11a4591dde96cc65425aff8f856a39d922c04b796e7cf4e4f6693a01ca32d24be3258334e9629a57b7213a5bd53d21189b1861e2f21b5113510980374
  languageName: node
  linkType: hard

"@cspell/dict-npm@npm:^5.0.18":
  version: 5.1.4
  resolution: "@cspell/dict-npm@npm:5.1.4"
  checksum: 10c0/b1b7b42fbe52602705606fbbb5429241088ec7cb69b2b11373375f0bf1033b5deac5bf74b5b821959f43ce9260dfbe8ef757262756c7f5428dbf5efa1caacf6c
  languageName: node
  linkType: hard

"@cspell/dict-php@npm:^4.0.8":
  version: 4.0.10
  resolution: "@cspell/dict-php@npm:4.0.10"
  checksum: 10c0/b2dc8da435f022f26c25fb563100050cd6305448e9cac6ab1641d1710fdd2c0639a9ac08d8009ed599af1c739cc2585ebdcb2972e34fd9149b903654449f02cd
  languageName: node
  linkType: hard

"@cspell/dict-powershell@npm:^5.0.5":
  version: 5.0.8
  resolution: "@cspell/dict-powershell@npm:5.0.8"
  checksum: 10c0/13f3ecba41566b0971045e3713064dd6b61ae797c99b7ebf62d2aed5a37570ecef18e96ac779034c0f52a483f1f7fa511e7f498cad8dded974e0f8d78e0c1e58
  languageName: node
  linkType: hard

"@cspell/dict-public-licenses@npm:^2.0.7":
  version: 2.0.8
  resolution: "@cspell/dict-public-licenses@npm:2.0.8"
  checksum: 10c0/a49f874ded85146cd6b8d668c76f06a81ce6578c0ed4a4cfc8e4218a56887d4c7f63566f7a79ccf1c2e59fdac6f7b6bdfafb8ee5260462e618f11476aaa43145
  languageName: node
  linkType: hard

"@cspell/dict-python@npm:^4.2.4":
  version: 4.2.6
  resolution: "@cspell/dict-python@npm:4.2.6"
  dependencies:
    "@cspell/dict-data-science": "npm:^2.0.1"
  checksum: 10c0/6b954be3e2bfbc6016b76611c0d4d4934ac99e3ac4386f26c5ae95d45c08a175cc2bab6793c0283accfb077e64f63962d83cd068b995b38a90ddaec2d54a8c78
  languageName: node
  linkType: hard

"@cspell/dict-r@npm:^2.0.1":
  version: 2.0.1
  resolution: "@cspell/dict-r@npm:2.0.1"
  checksum: 10c0/c8eead19fed04ff748c8ac75c55c4cf32b0383b0b9d05a23299e7e5d2d6f0c33fe94ff4c73080fdbd5b7e2fcdeaf726373a993122ec35e3a8f2b61f202c4a837
  languageName: node
  linkType: hard

"@cspell/dict-ruby@npm:^5.0.2":
  version: 5.0.3
  resolution: "@cspell/dict-ruby@npm:5.0.3"
  checksum: 10c0/b86632311d96ec72636f27d7c48a9fe4e720efa0897fae035e1d4009fb06c6ff49e8171d9d5f4a6f8a6f9aac7de4bd8e0d93e7343678c726660471d55120edfc
  languageName: node
  linkType: hard

"@cspell/dict-rust@npm:^4.0.5":
  version: 4.0.5
  resolution: "@cspell/dict-rust@npm:4.0.5"
  checksum: 10c0/caf999200744da013635874efe99c9d4f554f4f1947e62665233607285c2dc34c0379205f1334c57515aec416d9f3545377a457b8cf77f7d428aedaca01a9696
  languageName: node
  linkType: hard

"@cspell/dict-scala@npm:^5.0.3":
  version: 5.0.3
  resolution: "@cspell/dict-scala@npm:5.0.3"
  checksum: 10c0/3928e07384fea92fe17ac9a1758be6ebee48558eebad54410518e5d532662166a570114709db83deeaf7f6d62b8c5324d0b34f0717bdf8ec23e9d94268e3660e
  languageName: node
  linkType: hard

"@cspell/dict-software-terms@npm:^4.0.6":
  version: 4.1.3
  resolution: "@cspell/dict-software-terms@npm:4.1.3"
  checksum: 10c0/1dcfb726703dd76b484e21f0ad363b2938aa970320d306e83592b9b38b1e0aab85acf771b8e483c739651816316c656fa5170c1f749cb17dbc79d8d479486c73
  languageName: node
  linkType: hard

"@cspell/dict-sql@npm:^2.1.5":
  version: 2.1.5
  resolution: "@cspell/dict-sql@npm:2.1.5"
  checksum: 10c0/0104aa958b2f3e70c73832baf8ec12adbdeac23379745488dd9866a00dd78cc5197c7eb16b51cd1e58f14cb48dace9d39f4ec9c6783b722aebf5f4ec7e3e4ead
  languageName: node
  linkType: hard

"@cspell/dict-svelte@npm:^1.0.2":
  version: 1.0.2
  resolution: "@cspell/dict-svelte@npm:1.0.2"
  checksum: 10c0/bd650fd25d2ea83808a69eb2a6cb7a5b82295c3dde1c334fc54ff439287c5bf13e3293397e2c45e8b2d1b69fd133e17f4eb920b64df2571c5a399ac1e206f551
  languageName: node
  linkType: hard

"@cspell/dict-swift@npm:^2.0.1":
  version: 2.0.1
  resolution: "@cspell/dict-swift@npm:2.0.1"
  checksum: 10c0/e29ffc8379d50ef9397018c25b1be05177d4ecb1e18d3b97834f9edf0306af349b5593d7d93a7f2624616c1beeb35eb1e56560d351f459b776c3dd6b2c0ac601
  languageName: node
  linkType: hard

"@cspell/dict-terraform@npm:^1.0.0":
  version: 1.0.1
  resolution: "@cspell/dict-terraform@npm:1.0.1"
  checksum: 10c0/3c8f69a94d388ce21340c1c6edd73f0f8f462f8ede02db44f800f6c5e25987458be9f7134318b5cfd3e5e1c8836f86ef9146b426189e6d580f69ae0644bd2e3e
  languageName: node
  linkType: hard

"@cspell/dict-typescript@npm:^3.1.6":
  version: 3.1.6
  resolution: "@cspell/dict-typescript@npm:3.1.6"
  checksum: 10c0/ed2c7e959e6fff9705cd28ab2ba0d26263107135772a195568c74f0269b9b35491d653162ba7e898f2096f1d6ac7978fc1b6ed0cb8f40757ba6ea148ae059bfe
  languageName: node
  linkType: hard

"@cspell/dict-vue@npm:^3.0.0":
  version: 3.0.0
  resolution: "@cspell/dict-vue@npm:3.0.0"
  checksum: 10c0/2995b912e26cf88cb6ec9728a9adc5b24a0243c001887d425b14a61ef2be22aca38fa99a84d7698d8982aef65c8db4abf583c3d916c2166b9e8d99cec80800cd
  languageName: node
  linkType: hard

"@cspell/dynamic-import@npm:8.14.2":
  version: 8.14.2
  resolution: "@cspell/dynamic-import@npm:8.14.2"
  dependencies:
    import-meta-resolve: "npm:^4.1.0"
  checksum: 10c0/69f9c04f081ab612804f72a37cf4a6a57597345177aea2592e08d274045bcaf9567a3e1c5df14001255a63c121c09dc92f5fef559b01ee917815ec30640f9c2d
  languageName: node
  linkType: hard

"@cspell/filetypes@npm:8.14.2":
  version: 8.14.2
  resolution: "@cspell/filetypes@npm:8.14.2"
  checksum: 10c0/e4c8fed54ddbd9396a289dedd8f7f690a606b47a60109ceb2e43e789dc33f2ceb443d12cfca1033729588a978989cef2f5a2322f1fdbdbc1a6194c0758199830
  languageName: node
  linkType: hard

"@cspell/strong-weak-map@npm:8.14.2":
  version: 8.14.2
  resolution: "@cspell/strong-weak-map@npm:8.14.2"
  checksum: 10c0/33602ba3352a4965f1f1958dac32268544c2197d91de67e2e6f271274fa5ee9754a116a05e8c40937304b56b245e39a91f8e7e6ed3dc696f7262b3933fcf1761
  languageName: node
  linkType: hard

"@cspell/url@npm:8.14.2":
  version: 8.14.2
  resolution: "@cspell/url@npm:8.14.2"
  checksum: 10c0/17b119ef1491d03e8db4eb51a7f9c6e2972b1c717cef47262514ad25f1849e6bac2100202d6539320e0595cd28488dd731bc8a0fb5164a18b669c89141314ca8
  languageName: node
  linkType: hard

"@nodelib/fs.scandir@npm:2.1.5":
  version: 2.1.5
  resolution: "@nodelib/fs.scandir@npm:2.1.5"
  dependencies:
    "@nodelib/fs.stat": "npm:2.0.5"
    run-parallel: "npm:^1.1.9"
  checksum: 10c0/732c3b6d1b1e967440e65f284bd06e5821fedf10a1bea9ed2bb75956ea1f30e08c44d3def9d6a230666574edbaf136f8cfd319c14fd1f87c66e6a44449afb2eb
  languageName: node
  linkType: hard

"@nodelib/fs.stat@npm:2.0.5, @nodelib/fs.stat@npm:^2.0.2":
  version: 2.0.5
  resolution: "@nodelib/fs.stat@npm:2.0.5"
  checksum: 10c0/88dafe5e3e29a388b07264680dc996c17f4bda48d163a9d4f5c1112979f0ce8ec72aa7116122c350b4e7976bc5566dc3ddb579be1ceaacc727872eb4ed93926d
  languageName: node
  linkType: hard

"@nodelib/fs.walk@npm:^1.2.3":
  version: 1.2.8
  resolution: "@nodelib/fs.walk@npm:1.2.8"
  dependencies:
    "@nodelib/fs.scandir": "npm:2.1.5"
    fastq: "npm:^1.6.0"
  checksum: 10c0/db9de047c3bb9b51f9335a7bb46f4fcfb6829fb628318c12115fbaf7d369bfce71c15b103d1fc3b464812d936220ee9bc1c8f762d032c9f6be9acc99249095b1
  languageName: node
  linkType: hard

"@taplo/core@npm:^0.1.0":
  version: 0.1.1
  resolution: "@taplo/core@npm:0.1.1"
  checksum: 10c0/c36f761431b2e959742d8e186e74306fb8991d84589e2f03b6481244cc407275fa448a217ef87b8aa1e226615fd7ba85c60e6f0221f01d891b90dd30b45cb13b
  languageName: node
  linkType: hard

"@taplo/lib@npm:^0.4.0-alpha.2":
  version: 0.4.0-alpha.2
  resolution: "@taplo/lib@npm:0.4.0-alpha.2"
  dependencies:
    "@taplo/core": "npm:^0.1.0"
  checksum: 10c0/650ed35ba949054eb8dcfbaf77d6154d9639f5d8fa96d89546c399a95e699d7e01f65e308f89478d41e0120baa3572f25595fe088d19e62cc56ad3eb2b5acbb5
  languageName: node
  linkType: hard

"ansi-regex@npm:^6.0.1":
  version: 6.0.1
  resolution: "ansi-regex@npm:6.0.1"
  checksum: 10c0/cbe16dbd2c6b2735d1df7976a7070dd277326434f0212f43abf6d87674095d247968209babdaad31bb00882fa68807256ba9be340eec2f1004de14ca75f52a08
  languageName: node
  linkType: hard

"array-timsort@npm:^1.0.3":
  version: 1.0.3
  resolution: "array-timsort@npm:1.0.3"
  checksum: 10c0/bd3a1707b621947265c89867e67c9102b9b9f4c50f5b3974220112290d8b60d26ce60595edec5deed3325207b759d70b758bed3cd310b5ddadb835657ffb6d12
  languageName: node
  linkType: hard

"braces@npm:^3.0.3":
  version: 3.0.3
  resolution: "braces@npm:3.0.3"
  dependencies:
    fill-range: "npm:^7.1.1"
  checksum: 10c0/7c6dfd30c338d2997ba77500539227b9d1f85e388a5f43220865201e407e076783d0881f2d297b9f80951b4c957fcf0b51c1d2d24227631643c3f7c284b0aa04
  languageName: node
  linkType: hard

"callsites@npm:^3.0.0, callsites@npm:^3.1.0":
  version: 3.1.0
  resolution: "callsites@npm:3.1.0"
  checksum: 10c0/fff92277400eb06c3079f9e74f3af120db9f8ea03bad0e84d9aede54bbe2d44a56cccb5f6cf12211f93f52306df87077ecec5b712794c5a9b5dac6d615a3f301
  languageName: node
  linkType: hard

"chalk-template@npm:^1.1.0":
  version: 1.1.0
  resolution: "chalk-template@npm:1.1.0"
  dependencies:
    chalk: "npm:^5.2.0"
  checksum: 10c0/bb6eda6115a33d06828caf8c44f786c26e0d392c74c2bd6bb0f7526588b15664e3e7c0305858531cdd9b266fc54a31fe71fe3844afcd47a3e67445313f149437
  languageName: node
  linkType: hard

"chalk@npm:^5.2.0, chalk@npm:^5.3.0":
  version: 5.3.0
  resolution: "chalk@npm:5.3.0"
  checksum: 10c0/8297d436b2c0f95801103ff2ef67268d362021b8210daf8ddbe349695333eb3610a71122172ff3b0272f1ef2cf7cc2c41fdaa4715f52e49ffe04c56340feed09
  languageName: node
  linkType: hard

"clear-module@npm:^4.1.2":
  version: 4.1.2
  resolution: "clear-module@npm:4.1.2"
  dependencies:
    parent-module: "npm:^2.0.0"
    resolve-from: "npm:^5.0.0"
  checksum: 10c0/73207f06af256e3c8901ceaa74f7e4468a777aa68dedc7f745db4116861a7f8e69c558e16dbdf7b3d2295675d5896f916ba55b5dc737dda81792dbeee1488127
  languageName: node
  linkType: hard

"commander@npm:^12.1.0":
  version: 12.1.0
  resolution: "commander@npm:12.1.0"
  checksum: 10c0/6e1996680c083b3b897bfc1cfe1c58dfbcd9842fd43e1aaf8a795fbc237f65efcc860a3ef457b318e73f29a4f4a28f6403c3d653d021d960e4632dd45bde54a9
  languageName: node
  linkType: hard

"comment-json@npm:^4.2.5":
  version: 4.2.5
  resolution: "comment-json@npm:4.2.5"
  dependencies:
    array-timsort: "npm:^1.0.3"
    core-util-is: "npm:^1.0.3"
    esprima: "npm:^4.0.1"
    has-own-prop: "npm:^2.0.0"
    repeat-string: "npm:^1.6.1"
  checksum: 10c0/e22f13f18fcc484ac33c8bc02a3d69c3f9467ae5063fdfb3df7735f83a8d9a2cab6a32b7d4a0c53123413a9577de8e17c8cc88369c433326799558febb34ef9c
  languageName: node
  linkType: hard

"core-util-is@npm:^1.0.3":
  version: 1.0.3
  resolution: "core-util-is@npm:1.0.3"
  checksum: 10c0/90a0e40abbddfd7618f8ccd63a74d88deea94e77d0e8dbbea059fa7ebebb8fbb4e2909667fe26f3a467073de1a542ebe6ae4c73a73745ac5833786759cd906c9
  languageName: node
  linkType: hard

"cspell-config-lib@npm:8.14.2":
  version: 8.14.2
  resolution: "cspell-config-lib@npm:8.14.2"
  dependencies:
    "@cspell/cspell-types": "npm:8.14.2"
    comment-json: "npm:^4.2.5"
    yaml: "npm:^2.5.0"
  checksum: 10c0/33c42d5c920417d7717459376042afd881fd4ad6264dc9386b9dddba71f4639786acf7a866438ba36e46798f71d055a9f29e5594338f9091e11ff11d9d2c3e7c
  languageName: node
  linkType: hard

"cspell-dictionary@npm:8.14.2":
  version: 8.14.2
  resolution: "cspell-dictionary@npm:8.14.2"
  dependencies:
    "@cspell/cspell-pipe": "npm:8.14.2"
    "@cspell/cspell-types": "npm:8.14.2"
    cspell-trie-lib: "npm:8.14.2"
    fast-equals: "npm:^5.0.1"
  checksum: 10c0/79e3aef3c56a87e071cbaa018fbc5c6633091858899dcf73e21b1e1968bf60bb554e635be9c07c7db85126bdcdf277bc476e1ef9290d6a50cd7d8e633cf2a754
  languageName: node
  linkType: hard

"cspell-gitignore@npm:8.14.2":
  version: 8.14.2
  resolution: "cspell-gitignore@npm:8.14.2"
  dependencies:
    "@cspell/url": "npm:8.14.2"
    cspell-glob: "npm:8.14.2"
    cspell-io: "npm:8.14.2"
    find-up-simple: "npm:^1.0.0"
  bin:
    cspell-gitignore: bin.mjs
  checksum: 10c0/7363cb77932ac8fcb1d8a67a63c7c600ba25bc915c83d2d550755c4d49b0a13a3c91a169a432b95301fc46a6cb99fb02daa70842c3d6efbd7cd3d8f538dc930c
  languageName: node
  linkType: hard

"cspell-glob@npm:8.14.2":
  version: 8.14.2
  resolution: "cspell-glob@npm:8.14.2"
  dependencies:
    "@cspell/url": "npm:8.14.2"
    micromatch: "npm:^4.0.7"
  checksum: 10c0/42b6af7e658447352f8340f59696282d8ae4c8e52fe46cc2e3b513cb89fe60c1b947ece9ac1c0027594dada567ba25c537e8215abe76d9111312cf3ec1333f2f
  languageName: node
  linkType: hard

"cspell-grammar@npm:8.14.2":
  version: 8.14.2
  resolution: "cspell-grammar@npm:8.14.2"
  dependencies:
    "@cspell/cspell-pipe": "npm:8.14.2"
    "@cspell/cspell-types": "npm:8.14.2"
  bin:
    cspell-grammar: bin.mjs
  checksum: 10c0/d183a7e613b4df3187ad75297d8d02d10e81ad9e9f28216ca5d00186295a763c67a19f9298b30f58257a558f0db501275ede2ef793ceb31420c80d78bdb6badb
  languageName: node
  linkType: hard

"cspell-io@npm:8.14.2":
  version: 8.14.2
  resolution: "cspell-io@npm:8.14.2"
  dependencies:
    "@cspell/cspell-service-bus": "npm:8.14.2"
    "@cspell/url": "npm:8.14.2"
  checksum: 10c0/9b13706b15727ab2ac18c07a029499ed504bb5bd2bb7e6b0b4ffc1ceb84e436ba5588896b2533c775370e366faae35a6aff070ad60bd50e65ee558acc3e9aa8e
  languageName: node
  linkType: hard

"cspell-lib@npm:8.14.2":
  version: 8.14.2
  resolution: "cspell-lib@npm:8.14.2"
  dependencies:
    "@cspell/cspell-bundled-dicts": "npm:8.14.2"
    "@cspell/cspell-pipe": "npm:8.14.2"
    "@cspell/cspell-resolver": "npm:8.14.2"
    "@cspell/cspell-types": "npm:8.14.2"
    "@cspell/dynamic-import": "npm:8.14.2"
    "@cspell/filetypes": "npm:8.14.2"
    "@cspell/strong-weak-map": "npm:8.14.2"
    "@cspell/url": "npm:8.14.2"
    clear-module: "npm:^4.1.2"
    comment-json: "npm:^4.2.5"
    cspell-config-lib: "npm:8.14.2"
    cspell-dictionary: "npm:8.14.2"
    cspell-glob: "npm:8.14.2"
    cspell-grammar: "npm:8.14.2"
    cspell-io: "npm:8.14.2"
    cspell-trie-lib: "npm:8.14.2"
    env-paths: "npm:^3.0.0"
    fast-equals: "npm:^5.0.1"
    gensequence: "npm:^7.0.0"
    import-fresh: "npm:^3.3.0"
    resolve-from: "npm:^5.0.0"
    vscode-languageserver-textdocument: "npm:^1.0.12"
    vscode-uri: "npm:^3.0.8"
    xdg-basedir: "npm:^5.1.0"
  checksum: 10c0/896bc24aea06d71b57beaf873ebf0db28c3e1c93dd700827108bbb44152b9478c1e261ad921b6e55bb00cd12e858a30da6c9375eb2247c67bf28c7d5d836cbed
  languageName: node
  linkType: hard

"cspell-trie-lib@npm:8.14.2":
  version: 8.14.2
  resolution: "cspell-trie-lib@npm:8.14.2"
  dependencies:
    "@cspell/cspell-pipe": "npm:8.14.2"
    "@cspell/cspell-types": "npm:8.14.2"
    gensequence: "npm:^7.0.0"
  checksum: 10c0/94c12afe087477d75619c7f34e1da3c2a7570a63e0186bd3764750ae28463980cd84beb065fc5153e213a89b57a157f52332d2b27c05e8376f3c6299a7a9cdfc
  languageName: node
  linkType: hard

"cspell@npm:^8.14.2":
  version: 8.14.2
  resolution: "cspell@npm:8.14.2"
  dependencies:
    "@cspell/cspell-json-reporter": "npm:8.14.2"
    "@cspell/cspell-pipe": "npm:8.14.2"
    "@cspell/cspell-types": "npm:8.14.2"
    "@cspell/dynamic-import": "npm:8.14.2"
    "@cspell/url": "npm:8.14.2"
    chalk: "npm:^5.3.0"
    chalk-template: "npm:^1.1.0"
    commander: "npm:^12.1.0"
    cspell-dictionary: "npm:8.14.2"
    cspell-gitignore: "npm:8.14.2"
    cspell-glob: "npm:8.14.2"
    cspell-io: "npm:8.14.2"
    cspell-lib: "npm:8.14.2"
    fast-glob: "npm:^3.3.2"
    fast-json-stable-stringify: "npm:^2.1.0"
    file-entry-cache: "npm:^9.0.0"
    get-stdin: "npm:^9.0.0"
    semver: "npm:^7.6.3"
    strip-ansi: "npm:^7.1.0"
  bin:
    cspell: bin.mjs
    cspell-esm: bin.mjs
  checksum: 10c0/2d6ea70077e9da52f46658c8066f9ce0d63427977d5896175e62b404ee04ad2b29f5e916a2a411aa3fda18d5af8bda7ed182eeb58c7838bf2e4c7cc2c40d32d0
  languageName: node
  linkType: hard

"env-paths@npm:^3.0.0":
  version: 3.0.0
  resolution: "env-paths@npm:3.0.0"
  checksum: 10c0/76dec878cee47f841103bacd7fae03283af16f0702dad65102ef0a556f310b98a377885e0f32943831eb08b5ab37842a323d02529f3dfd5d0a40ca71b01b435f
  languageName: node
  linkType: hard

"esprima@npm:^4.0.1":
  version: 4.0.1
  resolution: "esprima@npm:4.0.1"
  bin:
    esparse: ./bin/esparse.js
    esvalidate: ./bin/esvalidate.js
  checksum: 10c0/ad4bab9ead0808cf56501750fd9d3fb276f6b105f987707d059005d57e182d18a7c9ec7f3a01794ebddcca676773e42ca48a32d67a250c9d35e009ca613caba3
  languageName: node
  linkType: hard

"fast-equals@npm:^5.0.1":
  version: 5.0.1
  resolution: "fast-equals@npm:5.0.1"
  checksum: 10c0/d7077b8b681036c2840ed9860a3048e44fc268fad2b525b8f25b43458be0c8ad976152eb4b475de9617170423c5b802121ebb61ed6641c3ac035fadaf805c8c0
  languageName: node
  linkType: hard

"fast-glob@npm:^3.3.2":
  version: 3.3.2
  resolution: "fast-glob@npm:3.3.2"
  dependencies:
    "@nodelib/fs.stat": "npm:^2.0.2"
    "@nodelib/fs.walk": "npm:^1.2.3"
    glob-parent: "npm:^5.1.2"
    merge2: "npm:^1.3.0"
    micromatch: "npm:^4.0.4"
  checksum: 10c0/42baad7b9cd40b63e42039132bde27ca2cb3a4950d0a0f9abe4639ea1aa9d3e3b40f98b1fe31cbc0cc17b664c9ea7447d911a152fa34ec5b72977b125a6fc845
  languageName: node
  linkType: hard

"fast-json-stable-stringify@npm:^2.1.0":
  version: 2.1.0
  resolution: "fast-json-stable-stringify@npm:2.1.0"
  checksum: 10c0/7f081eb0b8a64e0057b3bb03f974b3ef00135fbf36c1c710895cd9300f13c94ba809bb3a81cf4e1b03f6e5285610a61abbd7602d0652de423144dfee5a389c9b
  languageName: node
  linkType: hard

"fastq@npm:^1.6.0":
  version: 1.15.0
  resolution: "fastq@npm:1.15.0"
  dependencies:
    reusify: "npm:^1.0.4"
  checksum: 10c0/5ce4f83afa5f88c9379e67906b4d31bc7694a30826d6cc8d0f0473c966929017fda65c2174b0ec89f064ede6ace6c67f8a4fe04cef42119b6a55b0d465554c24
  languageName: node
  linkType: hard

"file-entry-cache@npm:^9.0.0":
  version: 9.1.0
  resolution: "file-entry-cache@npm:9.1.0"
  dependencies:
    flat-cache: "npm:^5.0.0"
  checksum: 10c0/4b4dbc1e972f50202b1a4430d30fd99378ef6e2a64857176abdc65c5e4730a948fb37e274478520a7bacbc70f3abba455a4b9d2c1915c53f30d11dc85d3fef5e
  languageName: node
  linkType: hard

"fill-range@npm:^7.1.1":
  version: 7.1.1
  resolution: "fill-range@npm:7.1.1"
  dependencies:
    to-regex-range: "npm:^5.0.1"
  checksum: 10c0/b75b691bbe065472f38824f694c2f7449d7f5004aa950426a2c28f0306c60db9b880c0b0e4ed819997ffb882d1da02cfcfc819bddc94d71627f5269682edf018
  languageName: node
  linkType: hard

"find-up-simple@npm:^1.0.0":
  version: 1.0.0
  resolution: "find-up-simple@npm:1.0.0"
  checksum: 10c0/de1ad5e55c8c162f5600fe3297bb55a3da5cd9cb8c6755e463ec1d52c4c15a84e312a68397fb5962d13263b3dbd4ea294668c465ccacc41291d7cc97588769f9
  languageName: node
  linkType: hard

"flat-cache@npm:^5.0.0":
  version: 5.0.0
  resolution: "flat-cache@npm:5.0.0"
  dependencies:
    flatted: "npm:^3.3.1"
    keyv: "npm:^4.5.4"
  checksum: 10c0/847f25eefec5d6614fdce76dc6097ee98f63fd4dfbcb908718905ac56610f939f4c28b1f908d6e8857d49286fe73235095d2e7ac9df096c35a3e8a15204c361b
  languageName: node
  linkType: hard

"flatted@npm:^3.3.1":
  version: 3.3.1
  resolution: "flatted@npm:3.3.1"
  checksum: 10c0/324166b125ee07d4ca9bcf3a5f98d915d5db4f39d711fba640a3178b959919aae1f7cfd8aabcfef5826ed8aa8a2aa14cc85b2d7d18ff638ddf4ae3df39573eaf
  languageName: node
  linkType: hard

"gensequence@npm:^7.0.0":
  version: 7.0.0
  resolution: "gensequence@npm:7.0.0"
  checksum: 10c0/d446772a795d8a50d70d87e87b827591ccd599c267acce9c2e1f17e4df6c04e6d47661b2ddf5d0144d026c1e3ac71eca917c171e594c3daf6a87aeabbe1d7a3d
  languageName: node
  linkType: hard

"get-stdin@npm:^9.0.0":
  version: 9.0.0
  resolution: "get-stdin@npm:9.0.0"
  checksum: 10c0/7ef2edc0c81a0644ca9f051aad8a96ae9373d901485abafaabe59fd347a1c378689d8a3d8825fb3067415d1d09dfcaa43cb9b9516ecac6b74b3138b65a8ccc6b
  languageName: node
  linkType: hard

"glob-parent@npm:^5.1.2":
  version: 5.1.2
  resolution: "glob-parent@npm:5.1.2"
  dependencies:
    is-glob: "npm:^4.0.1"
  checksum: 10c0/cab87638e2112bee3f839ef5f6e0765057163d39c66be8ec1602f3823da4692297ad4e972de876ea17c44d652978638d2fd583c6713d0eb6591706825020c9ee
  languageName: node
  linkType: hard

"global-directory@npm:^4.0.1":
  version: 4.0.1
  resolution: "global-directory@npm:4.0.1"
  dependencies:
    ini: "npm:4.1.1"
  checksum: 10c0/f9cbeef41db4876f94dd0bac1c1b4282a7de9c16350ecaaf83e7b2dd777b32704cc25beeb1170b5a63c42a2c9abfade74d46357fe0133e933218bc89e613d4b2
  languageName: node
  linkType: hard

"has-own-prop@npm:^2.0.0":
  version: 2.0.0
  resolution: "has-own-prop@npm:2.0.0"
  checksum: 10c0/2745497283d80228b5c5fbb8c63ab1029e604bce7db8d4b36255e427b3695b2153dc978b176674d0dd2a23f132809e04d7ef41fefc0ab85870a5caa918c5c0d9
  languageName: node
  linkType: hard

"import-fresh@npm:^3.3.0":
  version: 3.3.0
  resolution: "import-fresh@npm:3.3.0"
  dependencies:
    parent-module: "npm:^1.0.0"
    resolve-from: "npm:^4.0.0"
  checksum: 10c0/7f882953aa6b740d1f0e384d0547158bc86efbf2eea0f1483b8900a6f65c5a5123c2cf09b0d542cc419d0b98a759ecaeb394237e97ea427f2da221dc3cd80cc3
  languageName: node
  linkType: hard

"import-meta-resolve@npm:^4.1.0":
  version: 4.1.0
  resolution: "import-meta-resolve@npm:4.1.0"
  checksum: 10c0/42f3284b0460635ddf105c4ad99c6716099c3ce76702602290ad5cbbcd295700cbc04e4bdf47bacf9e3f1a4cec2e1ff887dabc20458bef398f9de22ddff45ef5
  languageName: node
  linkType: hard

"ini@npm:4.1.1":
  version: 4.1.1
  resolution: "ini@npm:4.1.1"
  checksum: 10c0/7fddc8dfd3e63567d4fdd5d999d1bf8a8487f1479d0b34a1d01f28d391a9228d261e19abc38e1a6a1ceb3400c727204fce05725d5eb598dfcf2077a1e3afe211
  languageName: node
  linkType: hard

"is-extglob@npm:^2.1.1":
  version: 2.1.1
  resolution: "is-extglob@npm:2.1.1"
  checksum: 10c0/5487da35691fbc339700bbb2730430b07777a3c21b9ebaecb3072512dfd7b4ba78ac2381a87e8d78d20ea08affb3f1971b4af629173a6bf435ff8a4c47747912
  languageName: node
  linkType: hard

"is-glob@npm:^4.0.1":
  version: 4.0.3
  resolution: "is-glob@npm:4.0.3"
  dependencies:
    is-extglob: "npm:^2.1.1"
  checksum: 10c0/17fb4014e22be3bbecea9b2e3a76e9e34ff645466be702f1693e8f1ee1adac84710d0be0bd9f967d6354036fd51ab7c2741d954d6e91dae6bb69714de92c197a
  languageName: node
  linkType: hard

"is-number@npm:^7.0.0":
  version: 7.0.0
  resolution: "is-number@npm:7.0.0"
  checksum: 10c0/b4686d0d3053146095ccd45346461bc8e53b80aeb7671cc52a4de02dbbf7dc0d1d2a986e2fe4ae206984b4d34ef37e8b795ebc4f4295c978373e6575e295d811
  languageName: node
  linkType: hard

"json-buffer@npm:3.0.1":
  version: 3.0.1
  resolution: "json-buffer@npm:3.0.1"
  checksum: 10c0/0d1c91569d9588e7eef2b49b59851f297f3ab93c7b35c7c221e288099322be6b562767d11e4821da500f3219542b9afd2e54c5dc573107c1126ed1080f8e96d7
  languageName: node
  linkType: hard

"keyv@npm:^4.5.4":
  version: 4.5.4
  resolution: "keyv@npm:4.5.4"
  dependencies:
    json-buffer: "npm:3.0.1"
  checksum: 10c0/aa52f3c5e18e16bb6324876bb8b59dd02acf782a4b789c7b2ae21107fab95fab3890ed448d4f8dba80ce05391eeac4bfabb4f02a20221342982f806fa2cf271e
  languageName: node
  linkType: hard

"merge2@npm:^1.3.0":
  version: 1.4.1
  resolution: "merge2@npm:1.4.1"
  checksum: 10c0/254a8a4605b58f450308fc474c82ac9a094848081bf4c06778200207820e5193726dc563a0d2c16468810516a5c97d9d3ea0ca6585d23c58ccfff2403e8dbbeb
  languageName: node
  linkType: hard

"micromatch@npm:^4.0.4, micromatch@npm:^4.0.7":
  version: 4.0.8
  resolution: "micromatch@npm:4.0.8"
  dependencies:
    braces: "npm:^3.0.3"
    picomatch: "npm:^2.3.1"
  checksum: 10c0/166fa6eb926b9553f32ef81f5f531d27b4ce7da60e5baf8c021d043b27a388fb95e46a8038d5045877881e673f8134122b59624d5cecbd16eb50a42e7a6b5ca8
  languageName: node
  linkType: hard

"misc-scripts@workspace:.":
  version: 0.0.0-use.local
  resolution: "misc-scripts@workspace:."
  dependencies:
    cspell: "npm:^8.14.2"
    prettier: "npm:^3.3.3"
    prettier-plugin-ini: "npm:^1.2.0"
    prettier-plugin-toml: "npm:^2.0.1"
  languageName: unknown
  linkType: soft

"parent-module@npm:^1.0.0":
  version: 1.0.1
  resolution: "parent-module@npm:1.0.1"
  dependencies:
    callsites: "npm:^3.0.0"
  checksum: 10c0/c63d6e80000d4babd11978e0d3fee386ca7752a02b035fd2435960ffaa7219dc42146f07069fb65e6e8bf1caef89daf9af7535a39bddf354d78bf50d8294f556
  languageName: node
  linkType: hard

"parent-module@npm:^2.0.0":
  version: 2.0.0
  resolution: "parent-module@npm:2.0.0"
  dependencies:
    callsites: "npm:^3.1.0"
  checksum: 10c0/e4c5e34102c709df1932e1065dee53764fbd869f5a673beb8c3b4bcbbd4a7be16e3595f8846b24f52a77b9e96d8d499e68736ec690b108e55d95a5315f41e073
  languageName: node
  linkType: hard

"picomatch@npm:^2.3.1":
  version: 2.3.1
  resolution: "picomatch@npm:2.3.1"
  checksum: 10c0/26c02b8d06f03206fc2ab8d16f19960f2ff9e81a658f831ecb656d8f17d9edc799e8364b1f4a7873e89d9702dff96204be0fa26fe4181f6843f040f819dac4be
  languageName: node
  linkType: hard

"prettier-plugin-ini@npm:^1.2.0":
  version: 1.2.0
  resolution: "prettier-plugin-ini@npm:1.2.0"
  dependencies:
    prettier: "npm:>=3.0.0-alpha.3"
  checksum: 10c0/29e7e9d9e651b5b248fd14b624017429b4abaaf6bb6e23a1be4d2522b08aa645881483e5a0a5a432d09576f0cecd48c3f8f5135f0e3486e2177d0e9a3da97500
  languageName: node
  linkType: hard

"prettier-plugin-toml@npm:^2.0.1":
  version: 2.0.1
  resolution: "prettier-plugin-toml@npm:2.0.1"
  dependencies:
    "@taplo/lib": "npm:^0.4.0-alpha.2"
  peerDependencies:
    prettier: ^3.0.3
  checksum: 10c0/8a67133b1a71d82f6fe20fe92e18251ae2930d0fe96d18af8c2333cc8fffce408642b6d6f21441932a97a248815cc82b3f372971eae84aab80cad2f0d78bdc68
  languageName: node
  linkType: hard

"prettier@npm:>=3.0.0-alpha.3, prettier@npm:^3.3.3":
  version: 3.3.3
  resolution: "prettier@npm:3.3.3"
  bin:
    prettier: bin/prettier.cjs
  checksum: 10c0/b85828b08e7505716324e4245549b9205c0cacb25342a030ba8885aba2039a115dbcf75a0b7ca3b37bc9d101ee61fab8113fc69ca3359f2a226f1ecc07ad2e26
  languageName: node
  linkType: hard

"queue-microtask@npm:^1.2.2":
  version: 1.2.3
  resolution: "queue-microtask@npm:1.2.3"
  checksum: 10c0/900a93d3cdae3acd7d16f642c29a642aea32c2026446151f0778c62ac089d4b8e6c986811076e1ae180a694cedf077d453a11b58ff0a865629a4f82ab558e102
  languageName: node
  linkType: hard

"repeat-string@npm:^1.6.1":
  version: 1.6.1
  resolution: "repeat-string@npm:1.6.1"
  checksum: 10c0/87fa21bfdb2fbdedc44b9a5b118b7c1239bdd2c2c1e42742ef9119b7d412a5137a1d23f1a83dc6bb686f4f27429ac6f542e3d923090b44181bafa41e8ac0174d
  languageName: node
  linkType: hard

"resolve-from@npm:^4.0.0":
  version: 4.0.0
  resolution: "resolve-from@npm:4.0.0"
  checksum: 10c0/8408eec31a3112ef96e3746c37be7d64020cda07c03a920f5024e77290a218ea758b26ca9529fd7b1ad283947f34b2291c1c0f6aa0ed34acfdda9c6014c8d190
  languageName: node
  linkType: hard

"resolve-from@npm:^5.0.0":
  version: 5.0.0
  resolution: "resolve-from@npm:5.0.0"
  checksum: 10c0/b21cb7f1fb746de8107b9febab60095187781137fd803e6a59a76d421444b1531b641bba5857f5dc011974d8a5c635d61cec49e6bd3b7fc20e01f0fafc4efbf2
  languageName: node
  linkType: hard

"reusify@npm:^1.0.4":
  version: 1.0.4
  resolution: "reusify@npm:1.0.4"
  checksum: 10c0/c19ef26e4e188f408922c46f7ff480d38e8dfc55d448310dfb518736b23ed2c4f547fb64a6ed5bdba92cd7e7ddc889d36ff78f794816d5e71498d645ef476107
  languageName: node
  linkType: hard

"run-parallel@npm:^1.1.9":
  version: 1.2.0
  resolution: "run-parallel@npm:1.2.0"
  dependencies:
    queue-microtask: "npm:^1.2.2"
  checksum: 10c0/200b5ab25b5b8b7113f9901bfe3afc347e19bb7475b267d55ad0eb86a62a46d77510cb0f232507c9e5d497ebda569a08a9867d0d14f57a82ad5564d991588b39
  languageName: node
  linkType: hard

"semver@npm:^7.6.3":
  version: 7.6.3
  resolution: "semver@npm:7.6.3"
  bin:
    semver: bin/semver.js
  checksum: 10c0/88f33e148b210c153873cb08cfe1e281d518aaa9a666d4d148add6560db5cd3c582f3a08ccb91f38d5f379ead256da9931234ed122057f40bb5766e65e58adaf
  languageName: node
  linkType: hard

"strip-ansi@npm:^7.1.0":
  version: 7.1.0
  resolution: "strip-ansi@npm:7.1.0"
  dependencies:
    ansi-regex: "npm:^6.0.1"
  checksum: 10c0/a198c3762e8832505328cbf9e8c8381de14a4fa50a4f9b2160138158ea88c0f5549fb50cb13c651c3088f47e63a108b34622ec18c0499b6c8c3a5ddf6b305ac4
  languageName: node
  linkType: hard

"to-regex-range@npm:^5.0.1":
  version: 5.0.1
  resolution: "to-regex-range@npm:5.0.1"
  dependencies:
    is-number: "npm:^7.0.0"
  checksum: 10c0/487988b0a19c654ff3e1961b87f471702e708fa8a8dd02a298ef16da7206692e8552a0250e8b3e8759270f62e9d8314616f6da274734d3b558b1fc7b7724e892
  languageName: node
  linkType: hard

"vscode-languageserver-textdocument@npm:^1.0.12":
  version: 1.0.12
  resolution: "vscode-languageserver-textdocument@npm:1.0.12"
  checksum: 10c0/534349894b059602c4d97615a1147b6c4c031141c2093e59657f54e38570f5989c21b376836f13b9375419869242e9efb4066643208b21ab1e1dee111a0f00fb
  languageName: node
  linkType: hard

"vscode-uri@npm:^3.0.8":
  version: 3.0.8
  resolution: "vscode-uri@npm:3.0.8"
  checksum: 10c0/f7f217f526bf109589969fe6e66b71e70b937de1385a1d7bb577ca3ee7c5e820d3856a86e9ff2fa9b7a0bc56a3dd8c3a9a557d3fedd7df414bc618d5e6b567f9
  languageName: node
  linkType: hard

"xdg-basedir@npm:^5.1.0":
  version: 5.1.0
  resolution: "xdg-basedir@npm:5.1.0"
  checksum: 10c0/c88efabc71ffd996ba9ad8923a8cc1c7c020a03e2c59f0ffa72e06be9e724ad2a0fccef488757bc6ed3d8849d753dd25082d1035d95cb179e79eae4d034d0b80
  languageName: node
  linkType: hard

"yaml@npm:^2.5.0":
  version: 2.5.0
  resolution: "yaml@npm:2.5.0"
  bin:
    yaml: bin.mjs
  checksum: 10c0/771a1df083c8217cf04ef49f87244ae2dd7d7457094425e793b8f056159f167602ce172aa32d6bca21f787d24ec724aee3cecde938f6643564117bd151452631
  languageName: node
  linkType: hard
